<?xml version="1.0" encoding="utf-8"?>
<Project ToolsVersion="4.0" xmlns="http://schemas.microsoft.com/developer/msbuild/2003">
  <ItemGroup>
    <Filter Include="Source Files">
      <UniqueIdentifier>{4FC737F1-C7A5-4376-A066-2A32D752A2FF}</UniqueIdentifier>
      <Extensions>cpp;c;cc;cxx;def;odl;idl;hpj;bat;asm;asmx</Extensions>
    </Filter>
    <Filter Include="Header Files">
      <UniqueIdentifier>{93995380-89BD-4b04-88EB-625FBE52EBFB}</UniqueIdentifier>
      <Extensions>h;hh;hpp;hxx;hm;inl;inc;ipp;xsd</Extensions>
    </Filter>
    <Filter Include="Resource Files">
      <UniqueIdentifier>{67DA6AB6-F800-4c08-8B7A-83BB121AAD01}</UniqueIdentifier>
      <Extensions>rc;ico;cur;bmp;dlg;rc2;rct;bin;rgs;gif;jpg;jpeg;jpe;resx;tiff;tif;png;wav;mfcribbon-ms</Extensions>
    </Filter>
    <Filter Include="vendor">
      <UniqueIdentifier>{ad2b4486-70c7-4c25-9762-2fbc4500bef9}</UniqueIdentifier>
    </Filter>
  </ItemGroup>
  <ItemGroup>
    <ClInclude Include="stdafx.h">
      <Filter>Header Files</Filter>
    </ClInclude>
    <ClInclude Include="targetver.h">
      <Filter>Header Files</Filter>
    </ClInclude>
    <ClInclude Include="include\assetTab.h">
      <Filter>Header Files</Filter>
    </ClInclude>
    <ClInclude Include="include\custom_inspect.h">
      <Filter>Header Files</Filter>
    </ClInclude>
    <ClInclude Include="include\displayComponents.h">
      <Filter>Header Files</Filter>
    </ClInclude>
    <ClInclude Include="include\editor.h">
      <Filter>Header Files</Filter>
    </ClInclude>
    <ClInclude Include="include\gizmo.h">
      <Filter>Header Files</Filter>
    </ClInclude>
    <ClInclude Include="include\lister.h">
      <Filter>Header Files</Filter>
    </ClInclude>
    <ClInclude Include="include\picking.h">
      <Filter>Header Files</Filter>
    </ClInclude>
    <ClInclude Include="include\shaderGraph.h">
      <Filter>Header Files</Filter>
    </ClInclude>
    <ClInclude Include="include\terrain.h">
      <Filter>Header Files</Filter>
    </ClInclude>
    <ClInclude Include="include\visualize_profiler.h">
      <Filter>Header Files</Filter>
    </ClInclude>
    <ClInclude Include="vendor\stbi_write.h">
      <Filter>vendor</Filter>
    </ClInclude>
    <ClInclude Include="include\grass.h">
      <Filter>Header Files</Filter>
    </ClInclude>
    <ClInclude Include="include\objectGizmo.h">
      <Filter>Header Files</Filter>
    </ClInclude>
    <ClInclude Include="vendor\ImGuizmo\ImGuizmo.h">
      <Filter>vendor</Filter>
    </ClInclude>
    <ClInclude Include="include\diffUtil.h">
      <Filter>Header Files</Filter>
    </ClInclude>
  </ItemGroup>
  <ItemGroup>
    <ClCompile Include="stdafx.cpp">
      <Filter>Source Files</Filter>
    </ClCompile>
    <ClCompile Include="NextEngineEditor.cpp">
      <Filter>Source Files</Filter>
    </ClCompile>
    <ClCompile Include="dllmain.cpp">
      <Filter>Source Files</Filter>
    </ClCompile>
    <ClCompile Include="src\assetTab.cpp">
      <Filter>Source Files</Filter>
    </ClCompile>
    <ClCompile Include="src\custom_inspect.cpp">
      <Filter>Source Files</Filter>
    </ClCompile>
    <ClCompile Include="src\diffUtil.cpp">
      <Filter>Source Files</Filter>
    </ClCompile>
    <ClCompile Include="src\displayComponents.cpp">
      <Filter>Source Files</Filter>
    </ClCompile>
    <ClCompile Include="src\editor.cpp">
      <Filter>Source Files</Filter>
    </ClCompile>
    <ClCompile Include="src\gizmo.cpp">
      <Filter>Source Files</Filter>
    </ClCompile>
    <ClCompile Include="src\lister.cpp">
      <Filter>Source Files</Filter>
    </ClCompile>
    <ClCompile Include="src\picking.cpp">
      <Filter>Source Files</Filter>
    </ClCompile>
    <ClCompile Include="src\shaderGraph.cpp">
      <Filter>Source Files</Filter>
    </ClCompile>
    <ClCompile Include="src\shaderGraphNodes.cpp">
      <Filter>Source Files</Filter>
    </ClCompile>
    <ClCompile Include="src\terrain.cpp">
      <Filter>Source Files</Filter>
    </ClCompile>
    <ClCompile Include="src\visualize_profiler.cpp">
      <Filter>Source Files</Filter>
    </ClCompile>
    <ClCompile Include="src\objectGizmo.cpp">
      <Filter>Source Files</Filter>
    </ClCompile>
    <ClCompile Include="src\grass_placement.cpp">
      <Filter>Source Files</Filter>
    </ClCompile>
    <ClCompile Include="vendor\ImGuizmo\ImGuizmo.cpp">
      <Filter>vendor</Filter>
    </ClCompile>
  </ItemGroup>
</Project>