<?xml version="1.0" encoding="utf-8"?>
<Project ToolsVersion="4.0" xmlns="http://schemas.microsoft.com/developer/msbuild/2003">
  <ItemGroup>
    <Filter Include="src\ecs">
      <UniqueIdentifier>{2db1130e-2955-4716-8533-186acf9ba402}</UniqueIdentifier>
    </Filter>
    <Filter Include="src">
      <UniqueIdentifier>{6d33d453-b020-41ad-883a-54b428449a5f}</UniqueIdentifier>
    </Filter>
    <Filter Include="src\core">
      <UniqueIdentifier>{c3ec933c-7ee0-4ce9-8d25-8386b2462f13}</UniqueIdentifier>
    </Filter>
    <Filter Include="src\model">
      <UniqueIdentifier>{15c07bd0-af56-4583-92ec-e44e82c38a6b}</UniqueIdentifier>
    </Filter>
    <Filter Include="src\editor">
      <UniqueIdentifier>{0c07ad9d-6c51-4e8e-adab-a866479b5456}</UniqueIdentifier>
    </Filter>
    <Filter Include="src\logger">
      <UniqueIdentifier>{c6566431-2687-439b-b60c-a7743658fe4c}</UniqueIdentifier>
    </Filter>
    <Filter Include="src\physics">
      <UniqueIdentifier>{eb849cdb-4724-47d8-baa3-fe176f5a857e}</UniqueIdentifier>
    </Filter>
    <Filter Include="src\graphics">
      <UniqueIdentifier>{b407bf91-597b-463b-8bf5-f3d87de010f6}</UniqueIdentifier>
    </Filter>
    <Filter Include="src\benchmark">
      <UniqueIdentifier>{b4521a26-1166-4a41-adc6-3000d6c5b1be}</UniqueIdentifier>
    </Filter>
    <Filter Include="src\components">
      <UniqueIdentifier>{e1bc0098-8a94-4147-a8c5-d52f8ba8af42}</UniqueIdentifier>
    </Filter>
    <Filter Include="src\reflection">
      <UniqueIdentifier>{63318b6f-a7bf-4c5e-8a87-bbdff8296c73}</UniqueIdentifier>
    </Filter>
    <Filter Include="src\serialization">
      <UniqueIdentifier>{cbd5fcd7-728f-4a27-bacc-0228e4f55567}</UniqueIdentifier>
    </Filter>
    <Filter Include="vendor\imgui">
      <UniqueIdentifier>{20a1351b-92af-476b-bcd3-411136e1cb61}</UniqueIdentifier>
    </Filter>
    <Filter Include="vendor">
      <UniqueIdentifier>{237071a5-bb8a-406e-9d71-9206ef02c6c5}</UniqueIdentifier>
    </Filter>
    <Filter Include="vendor\ImGuizmo">
      <UniqueIdentifier>{c7e7f0d0-e371-44e2-bbaa-ad73dfc73874}</UniqueIdentifier>
    </Filter>
    <Filter Include="vendor\imgui\examples">
      <UniqueIdentifier>{e56c4853-87a6-4f95-bed5-ddcbf1cd5a67}</UniqueIdentifier>
    </Filter>
    <Filter Include="include\ecs">
      <UniqueIdentifier>{d1f85273-3298-477a-89b8-e540965d445a}</UniqueIdentifier>
    </Filter>
    <Filter Include="include">
      <UniqueIdentifier>{5c64525a-b06d-4d14-9532-07925715d8da}</UniqueIdentifier>
    </Filter>
    <Filter Include="include\core">
      <UniqueIdentifier>{dbcf6010-27a4-434d-80c7-19b549ed6e5f}</UniqueIdentifier>
    </Filter>
    <Filter Include="include\model">
      <UniqueIdentifier>{2ac3cec0-7ca7-44ee-8584-11455866478d}</UniqueIdentifier>
    </Filter>
    <Filter Include="include\editor">
      <UniqueIdentifier>{af58cf29-1292-42e6-8f0a-00effbe09241}</UniqueIdentifier>
    </Filter>
    <Filter Include="include\logger">
      <UniqueIdentifier>{7e9c4d7c-31c2-4d29-9c96-0f7734b1e93a}</UniqueIdentifier>
    </Filter>
    <Filter Include="include\physics">
      <UniqueIdentifier>{daa2eeff-c035-4043-8890-5bcdd006b326}</UniqueIdentifier>
    </Filter>
    <Filter Include="include\graphics">
      <UniqueIdentifier>{f6ed690e-664d-42d0-9485-e72e6bf3c316}</UniqueIdentifier>
    </Filter>
    <Filter Include="include\components">
      <UniqueIdentifier>{923cfab3-d87f-41de-9a35-b9d34fba476a}</UniqueIdentifier>
    </Filter>
    <Filter Include="include\reflection">
      <UniqueIdentifier>{e75877fb-b950-46ae-b0b3-62fb87ee72e1}</UniqueIdentifier>
    </Filter>
  </ItemGroup>
  <ItemGroup>
    <ClCompile Include="src\ecs\ecs.cpp">
      <Filter>src\ecs</Filter>
    </ClCompile>
    <ClCompile Include="src\ecs\new_ecs.cpp">
      <Filter>src\ecs</Filter>
    </ClCompile>
    <ClCompile Include="src\ecs\system.cpp">
      <Filter>src\ecs</Filter>
    </ClCompile>
    <ClCompile Include="src\ecs\update_params.cpp">
      <Filter>src\ecs</Filter>
    </ClCompile>
    <ClCompile Include="src\core\allocator.cpp">
      <Filter>src\core</Filter>
    </ClCompile>
    <ClCompile Include="src\core\input.cpp">
      <Filter>src\core</Filter>
    </ClCompile>
    <ClCompile Include="src\core\static_vector.cpp">
      <Filter>src\core</Filter>
    </ClCompile>
    <ClCompile Include="src\core\string_view.cpp">
      <Filter>src\core</Filter>
    </ClCompile>
    <ClCompile Include="src\core\temporary.cpp">
      <Filter>src\core</Filter>
    </ClCompile>
    <ClCompile Include="src\core\time.cpp">
      <Filter>src\core</Filter>
    </ClCompile>
    <ClCompile Include="src\core\vfs.cpp">
      <Filter>src\core</Filter>
    </ClCompile>
    <ClCompile Include="src\model\load_model.cpp">
      <Filter>src\model</Filter>
    </ClCompile>
    <ClCompile Include="src\model\mesh.cpp">
      <Filter>src\model</Filter>
    </ClCompile>
    <ClCompile Include="src\model\model.cpp">
      <Filter>src\model</Filter>
    </ClCompile>
    <ClCompile Include="src\model\model_renderer.cpp">
      <Filter>src\model</Filter>
    </ClCompile>
    <ClCompile Include="src\editor\custom_inspect.cpp">
      <Filter>src\editor</Filter>
    </ClCompile>
    <ClCompile Include="src\editor\diffUtil.cpp">
      <Filter>src\editor</Filter>
    </ClCompile>
    <ClCompile Include="src\editor\displayComponents.cpp">
      <Filter>src\editor</Filter>
    </ClCompile>
    <ClCompile Include="src\editor\editor.cpp">
      <Filter>src\editor</Filter>
    </ClCompile>
    <ClCompile Include="src\editor\gizmo.cpp">
      <Filter>src\editor</Filter>
    </ClCompile>
    <ClCompile Include="src\editor\lister.cpp">
      <Filter>src\editor</Filter>
    </ClCompile>
    <ClCompile Include="src\editor\assetTab.cpp">
      <Filter>src\editor</Filter>
    </ClCompile>
    <ClCompile Include="src\editor\picking.cpp">
      <Filter>src\editor</Filter>
    </ClCompile>
    <ClCompile Include="src\editor\terrain.cpp">
      <Filter>src\editor</Filter>
    </ClCompile>
    <ClCompile Include="src\logger\logger.cpp">
      <Filter>src\logger</Filter>
    </ClCompile>
    <ClCompile Include="src\physics\physics.cpp">
      <Filter>src\physics</Filter>
    </ClCompile>
    <ClCompile Include="src\graphics\buffer.cpp">
      <Filter>src\graphics</Filter>
    </ClCompile>
    <ClCompile Include="src\graphics\culling.cpp">
      <Filter>src\graphics</Filter>
    </ClCompile>
    <ClCompile Include="src\graphics\device.cpp">
      <Filter>src\graphics</Filter>
    </ClCompile>
    <ClCompile Include="src\graphics\draw.cpp">
      <Filter>src\graphics</Filter>
    </ClCompile>
    <ClCompile Include="src\graphics\frameBuffer.cpp">
      <Filter>src\graphics</Filter>
    </ClCompile>
    <ClCompile Include="src\graphics\ibl.cpp">
      <Filter>src\graphics</Filter>
    </ClCompile>
    <ClCompile Include="src\graphics\materialSystem.cpp">
      <Filter>src\graphics</Filter>
    </ClCompile>
    <ClCompile Include="src\graphics\primitives.cpp">
      <Filter>src\graphics</Filter>
    </ClCompile>
    <ClCompile Include="src\graphics\renderParams.cpp">
      <Filter>src\graphics</Filter>
    </ClCompile>
    <ClCompile Include="src\graphics\renderPass.cpp">
      <Filter>src\graphics</Filter>
    </ClCompile>
    <ClCompile Include="src\graphics\rhi.cpp">
      <Filter>src\graphics</Filter>
    </ClCompile>
    <ClCompile Include="src\graphics\shader.cpp">
      <Filter>src\graphics</Filter>
    </ClCompile>
    <ClCompile Include="src\graphics\shadow.cpp">
      <Filter>src\graphics</Filter>
    </ClCompile>
    <ClCompile Include="src\graphics\texture.cpp">
      <Filter>src\graphics</Filter>
    </ClCompile>
    <ClCompile Include="src\graphics\volumetric.cpp">
      <Filter>src\graphics</Filter>
    </ClCompile>
    <ClCompile Include="src\graphics\window.cpp">
      <Filter>src\graphics</Filter>
    </ClCompile>
    <ClCompile Include="src\benchmark\benchmark.cpp">
      <Filter>src\benchmark</Filter>
    </ClCompile>
    <ClCompile Include="src\components\camera.cpp">
      <Filter>src\components</Filter>
    </ClCompile>
    <ClCompile Include="src\components\flyover.cpp">
      <Filter>src\components</Filter>
    </ClCompile>
    <ClCompile Include="src\components\lights.cpp">
      <Filter>src\components</Filter>
    </ClCompile>
    <ClCompile Include="src\components\transforms.cpp">
      <Filter>src\components</Filter>
    </ClCompile>
    <ClCompile Include="src\reflection\reflection.cpp">
      <Filter>src\reflection</Filter>
    </ClCompile>
    <ClCompile Include="src\serialization\serializer.cpp">
      <Filter>src\serialization</Filter>
    </ClCompile>
    <ClCompile Include="vendor\imgui\imgui.cpp">
      <Filter>vendor\imgui</Filter>
    </ClCompile>
    <ClCompile Include="vendor\imgui\imgui_draw.cpp">
      <Filter>vendor\imgui</Filter>
    </ClCompile>
    <ClCompile Include="vendor\imgui\imgui_impl_glfw.cpp">
      <Filter>vendor\imgui</Filter>
    </ClCompile>
    <ClCompile Include="vendor\imgui\imgui_impl_opengl3.cpp">
      <Filter>vendor\imgui</Filter>
    </ClCompile>
    <ClCompile Include="vendor\imgui\imgui_widgets.cpp">
      <Filter>vendor\imgui</Filter>
    </ClCompile>
    <ClCompile Include="vendor\ImGuizmo\ImGuizmo.cpp">
      <Filter>vendor\ImGuizmo</Filter>
    </ClCompile>
    <ClCompile Include="vendor\ImGuizmo\ImSequencer.cpp">
      <Filter>vendor\ImGuizmo</Filter>
    </ClCompile>
    <ClCompile Include="src\editor\grass.cpp">
      <Filter>src\editor</Filter>
    </ClCompile>
  </ItemGroup>
  <ItemGroup>
    <ClInclude Include="src\core\eventDispatcher.h">
      <Filter>src\core</Filter>
    </ClInclude>
    <ClInclude Include="vendor\imgui\imconfig.h">
      <Filter>vendor\imgui</Filter>
    </ClInclude>
    <ClInclude Include="vendor\imgui\imgui.h">
      <Filter>vendor\imgui</Filter>
    </ClInclude>
    <ClInclude Include="vendor\imgui\imgui_impl_glfw.h">
      <Filter>vendor\imgui</Filter>
    </ClInclude>
    <ClInclude Include="vendor\imgui\imgui_impl_opengl3.h">
      <Filter>vendor\imgui</Filter>
    </ClInclude>
    <ClInclude Include="vendor\imgui\imgui_internal.h">
      <Filter>vendor\imgui</Filter>
    </ClInclude>
    <ClInclude Include="vendor\imgui\imstb_rectpack.h">
      <Filter>vendor\imgui</Filter>
    </ClInclude>
    <ClInclude Include="vendor\imgui\imstb_textedit.h">
      <Filter>vendor\imgui</Filter>
    </ClInclude>
    <ClInclude Include="vendor\imgui\imstb_truetype.h">
      <Filter>vendor\imgui</Filter>
    </ClInclude>
    <ClInclude Include="vendor\imgui\examples\imgui_impl_glfw.h">
      <Filter>vendor\imgui\examples</Filter>
    </ClInclude>
    <ClInclude Include="vendor\imgui\examples\imgui_impl_opengl3.h">
      <Filter>vendor\imgui\examples</Filter>
    </ClInclude>
    <ClInclude Include="vendor\ImGuizmo\ImGuizmo.h">
      <Filter>vendor\ImGuizmo</Filter>
    </ClInclude>
    <ClInclude Include="vendor\ImGuizmo\ImSequencer.h">
      <Filter>vendor\ImGuizmo</Filter>
    </ClInclude>
    <ClInclude Include="include\ecs\ecs.h">
      <Filter>include\ecs</Filter>
    </ClInclude>
    <ClInclude Include="include\ecs\id.h">
      <Filter>include\ecs</Filter>
    </ClInclude>
    <ClInclude Include="include\ecs\layermask.h">
      <Filter>include\ecs</Filter>
    </ClInclude>
    <ClInclude Include="include\ecs\new_ecs.h">
      <Filter>include\ecs</Filter>
    </ClInclude>
    <ClInclude Include="include\ecs\system.h">
      <Filter>include\ecs</Filter>
    </ClInclude>
    <ClInclude Include="include\core\allocator.h">
      <Filter>include\core</Filter>
    </ClInclude>
    <ClInclude Include="include\core\core.h">
      <Filter>include\core</Filter>
    </ClInclude>
    <ClInclude Include="include\core\eventDispatcher.h">
      <Filter>include\core</Filter>
    </ClInclude>
    <ClInclude Include="include\core\game_time.h">
      <Filter>include\core</Filter>
    </ClInclude>
    <ClInclude Include="include\core\handle.h">
      <Filter>include\core</Filter>
    </ClInclude>
    <ClInclude Include="include\core\HandleManager.h">
      <Filter>include\core</Filter>
    </ClInclude>
    <ClInclude Include="include\core\input.h">
      <Filter>include\core</Filter>
    </ClInclude>
    <ClInclude Include="include\core\resource.h">
      <Filter>include\core</Filter>
    </ClInclude>
    <ClInclude Include="include\core\resourceManager.h">
      <Filter>include\core</Filter>
    </ClInclude>
    <ClInclude Include="include\core\sort.h">
      <Filter>include\core</Filter>
    </ClInclude>
    <ClInclude Include="include\core\string_buffer.h">
      <Filter>include\core</Filter>
    </ClInclude>
    <ClInclude Include="include\core\string_view.h">
      <Filter>include\core</Filter>
    </ClInclude>
    <ClInclude Include="include\core\temporary.h">
      <Filter>include\core</Filter>
    </ClInclude>
    <ClInclude Include="include\core\vector.h">
      <Filter>include\core</Filter>
    </ClInclude>
    <ClInclude Include="include\core\vfs.h">
      <Filter>include\core</Filter>
    </ClInclude>
    <ClInclude Include="include\model\model.h">
      <Filter>include\model</Filter>
    </ClInclude>
    <ClInclude Include="include\model\modelManager.h">
      <Filter>include\model</Filter>
    </ClInclude>
    <ClInclude Include="include\model\modelRendererSystem.h">
      <Filter>include\model</Filter>
    </ClInclude>
    <ClInclude Include="include\editor\custom_inspect.h">
      <Filter>include\editor</Filter>
    </ClInclude>
    <ClInclude Include="include\editor\diffUtil.h">
      <Filter>include\editor</Filter>
    </ClInclude>
    <ClInclude Include="include\editor\displayComponents.h">
      <Filter>include\editor</Filter>
    </ClInclude>
    <ClInclude Include="include\editor\editor.h">
      <Filter>include\editor</Filter>
    </ClInclude>
    <ClInclude Include="include\editor\gizmo.h">
      <Filter>include\editor</Filter>
    </ClInclude>
    <ClInclude Include="include\editor\lister.h">
      <Filter>include\editor</Filter>
    </ClInclude>
    <ClInclude Include="include\editor\assetTab.h">
      <Filter>include\editor</Filter>
    </ClInclude>
    <ClInclude Include="include\editor\picking.h">
      <Filter>include\editor</Filter>
    </ClInclude>
    <ClInclude Include="include\editor\terrain.h">
      <Filter>include\editor</Filter>
    </ClInclude>
    <ClInclude Include="include\logger\logger.h">
      <Filter>include\logger</Filter>
    </ClInclude>
    <ClInclude Include="include\physics\btWrapper.h">
      <Filter>include\physics</Filter>
    </ClInclude>
    <ClInclude Include="include\physics\physics.h">
      <Filter>include\physics</Filter>
    </ClInclude>
    <ClInclude Include="include\graphics\buffer.h">
      <Filter>include\graphics</Filter>
    </ClInclude>
    <ClInclude Include="include\graphics\culling.h">
      <Filter>include\graphics</Filter>
    </ClInclude>
    <ClInclude Include="include\graphics\device.h">
      <Filter>include\graphics</Filter>
    </ClInclude>
    <ClInclude Include="include\graphics\draw.h">
      <Filter>include\graphics</Filter>
    </ClInclude>
    <ClInclude Include="include\graphics\frameBuffer.h">
      <Filter>include\graphics</Filter>
    </ClInclude>
    <ClInclude Include="include\graphics\ibl.h">
      <Filter>include\graphics</Filter>
    </ClInclude>
    <ClInclude Include="include\graphics\materialSystem.h">
      <Filter>include\graphics</Filter>
    </ClInclude>
    <ClInclude Include="include\graphics\pass.h">
      <Filter>include\graphics</Filter>
    </ClInclude>
    <ClInclude Include="include\graphics\primitives.h">
      <Filter>include\graphics</Filter>
    </ClInclude>
    <ClInclude Include="include\graphics\renderPass.h">
      <Filter>include\graphics</Filter>
    </ClInclude>
    <ClInclude Include="include\graphics\rhi.h">
      <Filter>include\graphics</Filter>
    </ClInclude>
    <ClInclude Include="include\graphics\shader.h">
      <Filter>include\graphics</Filter>
    </ClInclude>
    <ClInclude Include="include\graphics\shaderManager.h">
      <Filter>include\graphics</Filter>
    </ClInclude>
    <ClInclude Include="include\graphics\shadow.h">
      <Filter>include\graphics</Filter>
    </ClInclude>
    <ClInclude Include="include\graphics\texture.h">
      <Filter>include\graphics</Filter>
    </ClInclude>
    <ClInclude Include="include\graphics\textureManager.h">
      <Filter>include\graphics</Filter>
    </ClInclude>
    <ClInclude Include="include\graphics\volumetric.h">
      <Filter>include\graphics</Filter>
    </ClInclude>
    <ClInclude Include="include\graphics\window.h">
      <Filter>include\graphics</Filter>
    </ClInclude>
    <ClInclude Include="include\components\camera.h">
      <Filter>include\components</Filter>
    </ClInclude>
    <ClInclude Include="include\components\flyover.h">
      <Filter>include\components</Filter>
    </ClInclude>
    <ClInclude Include="include\components\lights.h">
      <Filter>include\components</Filter>
    </ClInclude>
    <ClInclude Include="include\components\transform.h">
      <Filter>include\components</Filter>
    </ClInclude>
    <ClInclude Include="include\reflection\reflection.h">
      <Filter>include\reflection</Filter>
    </ClInclude>
    <ClInclude Include="include\core\platform.h">
      <Filter>include\core</Filter>
    </ClInclude>
    <ClInclude Include="vendor\stbi_write.h">
      <Filter>vendor</Filter>
    </ClInclude>
    <ClInclude Include="include\editor\grass.h">
      <Filter>include\editor</Filter>
    </ClInclude>
  </ItemGroup>
</Project>