<?xml version="1.0" encoding="utf-8"?>
<Project ToolsVersion="4.0" xmlns="http://schemas.microsoft.com/developer/msbuild/2003">
  <ItemGroup>
    <Filter Include="src\ecs">
      <UniqueIdentifier>{9aca4323-f264-4652-86e1-eaa09055e42a}</UniqueIdentifier>
    </Filter>
    <Filter Include="src">
      <UniqueIdentifier>{026c27de-1847-49b3-8cdc-0a029ce76e14}</UniqueIdentifier>
    </Filter>
    <Filter Include="src\core">
      <UniqueIdentifier>{9f15b076-3eb5-4ca8-b487-6b165697e49d}</UniqueIdentifier>
    </Filter>
    <Filter Include="src\model">
      <UniqueIdentifier>{810b52d4-f26a-4e57-90a3-5173d5312d08}</UniqueIdentifier>
    </Filter>
    <Filter Include="src\logger">
      <UniqueIdentifier>{4086600a-42d4-4ee5-b7f8-7c49406697c5}</UniqueIdentifier>
    </Filter>
    <Filter Include="src\physics">
      <UniqueIdentifier>{d6de6e88-b619-4ca4-b976-c3a0d416001f}</UniqueIdentifier>
    </Filter>
    <Filter Include="src\graphics">
      <UniqueIdentifier>{0fc3574d-eab7-4cbd-8b22-46ef073331c1}</UniqueIdentifier>
    </Filter>
    <Filter Include="src\benchmark">
      <UniqueIdentifier>{df912fbf-0bca-4922-9ed0-c270907d5af5}</UniqueIdentifier>
    </Filter>
    <Filter Include="src\components">
      <UniqueIdentifier>{b74c66f8-2918-4ef1-baa5-892c63aaddf4}</UniqueIdentifier>
    </Filter>
    <Filter Include="src\reflection">
      <UniqueIdentifier>{95b9604b-622f-4268-8df0-d4da591479d4}</UniqueIdentifier>
    </Filter>
    <Filter Include="src\serialization">
      <UniqueIdentifier>{95826ae7-eaa4-4962-82bb-22d7df8fa036}</UniqueIdentifier>
    </Filter>
    <Filter Include="src\engine">
      <UniqueIdentifier>{2f71093f-a61d-4e0c-a949-c90794f64e93}</UniqueIdentifier>
    </Filter>
    <Filter Include="vendor\imgui">
      <UniqueIdentifier>{d5a26b9d-2ee2-4500-9a2f-258be8800eaa}</UniqueIdentifier>
    </Filter>
    <Filter Include="vendor">
      <UniqueIdentifier>{b01e2181-260a-4b0a-9071-4662d479a73a}</UniqueIdentifier>
    </Filter>
    <Filter Include="include\ecs">
      <UniqueIdentifier>{7ebde87c-f16e-4caa-a16d-3e06ee11e938}</UniqueIdentifier>
    </Filter>
    <Filter Include="include">
      <UniqueIdentifier>{00b6ee83-6ca5-403e-b7a2-467c39da67a9}</UniqueIdentifier>
    </Filter>
    <Filter Include="include\core">
      <UniqueIdentifier>{dc44237c-e9c5-4116-984b-d654c9c3d195}</UniqueIdentifier>
    </Filter>
    <Filter Include="include\model">
      <UniqueIdentifier>{3495acb9-66de-4bb8-8eef-c700bd9ed44a}</UniqueIdentifier>
    </Filter>
    <Filter Include="include\logger">
      <UniqueIdentifier>{acceb364-699e-48a6-a0ef-fdfcfa42fa5d}</UniqueIdentifier>
    </Filter>
    <Filter Include="include\physics">
      <UniqueIdentifier>{f8bcec4c-00bb-493b-bbdc-07017560d145}</UniqueIdentifier>
    </Filter>
    <Filter Include="include\graphics">
      <UniqueIdentifier>{bcf19eae-c771-4636-8ab6-9e38d3571909}</UniqueIdentifier>
    </Filter>
    <Filter Include="include\components">
      <UniqueIdentifier>{083d4e85-c99e-4581-b5aa-f6d9cc794f1f}</UniqueIdentifier>
    </Filter>
    <Filter Include="include\reflection">
      <UniqueIdentifier>{3ca663bf-5406-4a16-a9bb-fb31111498b0}</UniqueIdentifier>
    </Filter>
    <Filter Include="include\engine">
      <UniqueIdentifier>{dc172166-23eb-410d-8f2e-b8da1d18fcf3}</UniqueIdentifier>
    </Filter>
  </ItemGroup>
  <ItemGroup>
    <ClCompile Include="src\ecs\ecs.cpp">
      <Filter>src\ecs</Filter>
    </ClCompile>
    <ClCompile Include="src\ecs\new_ecs.cpp">
      <Filter>src\ecs</Filter>
    </ClCompile>
    <ClCompile Include="src\ecs\system.cpp">
      <Filter>src\ecs</Filter>
    </ClCompile>
    <ClCompile Include="src\ecs\update_params.cpp">
      <Filter>src\ecs</Filter>
    </ClCompile>
    <ClCompile Include="src\core\profiler.cpp">
      <Filter>src\core</Filter>
    </ClCompile>
    <ClCompile Include="src\core\time.cpp">
      <Filter>src\core</Filter>
    </ClCompile>
    <ClCompile Include="src\physics\physics.cpp">
      <Filter>src\physics</Filter>
    </ClCompile>
    <ClCompile Include="src\graphics\shader.cpp">
      <Filter>src\graphics</Filter>
    </ClCompile>
    <ClCompile Include="src\graphics\shadow.cpp">
      <Filter>src\graphics</Filter>
    </ClCompile>
    <ClCompile Include="src\graphics\terrain.cpp">
      <Filter>src\graphics</Filter>
    </ClCompile>
    <ClCompile Include="src\graphics\texture.cpp">
      <Filter>src\graphics</Filter>
    </ClCompile>
    <ClCompile Include="src\graphics\transforms.cpp">
      <Filter>src\graphics</Filter>
    </ClCompile>
    <ClCompile Include="src\graphics\volumetric.cpp">
      <Filter>src\graphics</Filter>
    </ClCompile>
    <ClCompile Include="src\benchmark\benchmark.cpp">
      <Filter>src\benchmark</Filter>
    </ClCompile>
    <ClCompile Include="src\components\camera.cpp">
      <Filter>src\components</Filter>
    </ClCompile>
    <ClCompile Include="src\components\flyover.cpp">
      <Filter>src\components</Filter>
    </ClCompile>
    <ClCompile Include="src\components\grass_components.cpp">
      <Filter>src\components</Filter>
    </ClCompile>
    <ClCompile Include="src\components\lights.cpp">
      <Filter>src\components</Filter>
    </ClCompile>
    <ClCompile Include="src\components\terrain_components.cpp">
      <Filter>src\components</Filter>
    </ClCompile>
    <ClCompile Include="src\components\transforms_components.cpp">
      <Filter>src\components</Filter>
    </ClCompile>
    <ClCompile Include="src\engine\application.cpp">
      <Filter>src\engine</Filter>
    </ClCompile>
    <ClCompile Include="src\engine\engine.cpp">
      <Filter>src\engine</Filter>
    </ClCompile>
    <ClCompile Include="vendor\imgui\imgui.cpp">
      <Filter>vendor\imgui</Filter>
    </ClCompile>
    <ClCompile Include="vendor\imgui\imgui_draw.cpp">
      <Filter>vendor\imgui</Filter>
    </ClCompile>
    <ClCompile Include="vendor\imgui\imgui_impl_glfw.cpp">
      <Filter>vendor\imgui</Filter>
    </ClCompile>
    <ClCompile Include="vendor\imgui\imgui_impl_opengl3.cpp">
      <Filter>vendor\imgui</Filter>
    </ClCompile>
    <ClCompile Include="vendor\imgui\imgui_widgets.cpp">
      <Filter>vendor\imgui</Filter>
    </ClCompile>
    <ClCompile Include="dllmain.cpp" />
    <ClCompile Include="NextEngine.cpp" />
    <ClCompile Include="stdafx.cpp" />
    <ClCompile Include="src\graphics\rhi\GL\buffer.cpp">
      <Filter>src\graphics</Filter>
    </ClCompile>
    <ClCompile Include="src\graphics\rhi\GL\device.cpp">
      <Filter>src\graphics</Filter>
    </ClCompile>
    <ClCompile Include="src\graphics\rhi\GL\draw.cpp">
      <Filter>src\graphics</Filter>
    </ClCompile>
    <ClCompile Include="src\graphics\rhi\GL\frameBuffer.cpp">
      <Filter>src\graphics</Filter>
    </ClCompile>
    <ClCompile Include="src\graphics\rhi\GL\window.cpp">
      <Filter>src\graphics</Filter>
    </ClCompile>
    <ClCompile Include="src\graphics\culling\culling.cpp">
      <Filter>src\graphics</Filter>
    </ClCompile>
    <ClCompile Include="src\graphics\renderer\ibl.cpp">
      <Filter>src\graphics</Filter>
    </ClCompile>
    <ClCompile Include="src\graphics\renderer\material_system.cpp">
      <Filter>src\graphics</Filter>
    </ClCompile>
    <ClCompile Include="src\graphics\renderer\model_rendering.cpp">
      <Filter>src\graphics</Filter>
    </ClCompile>
    <ClCompile Include="src\graphics\renderer\grass_rendering.cpp" />
    <ClCompile Include="src\graphics\rhi\GL\primitives.cpp">
      <Filter>src\graphics</Filter>
    </ClCompile>
    <ClCompile Include="src\graphics\pass\render_pass.cpp">
      <Filter>src\graphics</Filter>
    </ClCompile>
    <ClCompile Include="src\graphics\renderer\renderer.cpp">
      <Filter>src\graphics</Filter>
    </ClCompile>
    <ClCompile Include="src\core\reflection.cpp">
      <Filter>src\reflection</Filter>
    </ClCompile>
    <ClCompile Include="src\core\serializer.cpp">
      <Filter>src\serialization</Filter>
    </ClCompile>
    <ClCompile Include="src\core\memory\allocator.cpp">
      <Filter>src\core</Filter>
    </ClCompile>
    <ClCompile Include="src\core\io\input.cpp">
      <Filter>src\core</Filter>
    </ClCompile>
    <ClCompile Include="src\core\io\logger.cpp">
      <Filter>src\logger</Filter>
    </ClCompile>
    <ClCompile Include="src\core\memory\temporary.cpp">
      <Filter>src\core</Filter>
    </ClCompile>
    <ClCompile Include="src\core\io\vfs.cpp">
      <Filter>src\core</Filter>
    </ClCompile>
    <ClCompile Include="src\core\container\string_view.cpp" />
    <ClCompile Include="src\graphics\assets\asset_manager.cpp" />
    <ClCompile Include="src\graphics\assets\assimp_model_loader.cpp" />
    <ClCompile Include="src\graphics\assets\model.cpp" />
  </ItemGroup>
  <ItemGroup>
    <ClInclude Include="vendor\imgui\imconfig.h">
      <Filter>vendor\imgui</Filter>
    </ClInclude>
    <ClInclude Include="vendor\imgui\imgui.h">
      <Filter>vendor\imgui</Filter>
    </ClInclude>
    <ClInclude Include="vendor\imgui\imgui_impl_glfw.h">
      <Filter>vendor\imgui</Filter>
    </ClInclude>
    <ClInclude Include="vendor\imgui\imgui_impl_opengl3.h">
      <Filter>vendor\imgui</Filter>
    </ClInclude>
    <ClInclude Include="vendor\imgui\imgui_internal.h">
      <Filter>vendor\imgui</Filter>
    </ClInclude>
    <ClInclude Include="vendor\imgui\imstb_rectpack.h">
      <Filter>vendor\imgui</Filter>
    </ClInclude>
    <ClInclude Include="vendor\imgui\imstb_textedit.h">
      <Filter>vendor\imgui</Filter>
    </ClInclude>
    <ClInclude Include="vendor\imgui\imstb_truetype.h">
      <Filter>vendor\imgui</Filter>
    </ClInclude>
    <ClInclude Include="include\ecs\ecs.h">
      <Filter>include\ecs</Filter>
    </ClInclude>
    <ClInclude Include="include\ecs\id.h">
      <Filter>include\ecs</Filter>
    </ClInclude>
    <ClInclude Include="include\ecs\layermask.h">
      <Filter>include\ecs</Filter>
    </ClInclude>
    <ClInclude Include="include\ecs\new_ecs.h">
      <Filter>include\ecs</Filter>
    </ClInclude>
    <ClInclude Include="include\ecs\system.h">
      <Filter>include\ecs</Filter>
    </ClInclude>
    <ClInclude Include="include\core\core.h">
      <Filter>include\core</Filter>
    </ClInclude>
    <ClInclude Include="include\core\handle.h">
      <Filter>include\core</Filter>
    </ClInclude>
    <ClInclude Include="include\core\profiler.h">
      <Filter>include\core</Filter>
    </ClInclude>
    <ClInclude Include="include\physics\btWrapper.h">
      <Filter>include\physics</Filter>
    </ClInclude>
    <ClInclude Include="include\physics\physics.h">
      <Filter>include\physics</Filter>
    </ClInclude>
    <ClInclude Include="include\components\camera.h">
      <Filter>include\components</Filter>
    </ClInclude>
    <ClInclude Include="include\components\flyover.h">
      <Filter>include\components</Filter>
    </ClInclude>
    <ClInclude Include="include\components\grass.h">
      <Filter>include\components</Filter>
    </ClInclude>
    <ClInclude Include="include\components\lights.h">
      <Filter>include\components</Filter>
    </ClInclude>
    <ClInclude Include="include\components\terrain.h">
      <Filter>include\components</Filter>
    </ClInclude>
    <ClInclude Include="include\components\transform.h">
      <Filter>include\components</Filter>
    </ClInclude>
    <ClInclude Include="include\engine\application.h">
      <Filter>include\engine</Filter>
    </ClInclude>
    <ClInclude Include="include\engine\engine.h">
      <Filter>include\engine</Filter>
    </ClInclude>
    <ClInclude Include="stdafx.h" />
    <ClInclude Include="targetver.h" />
    <ClInclude Include="include\core\container\hash_map.h">
      <Filter>include\core</Filter>
    </ClInclude>
    <ClInclude Include="include\core\container\slice.h">
      <Filter>include\core</Filter>
    </ClInclude>
    <ClInclude Include="include\core\container\string_buffer.h">
      <Filter>include\core</Filter>
    </ClInclude>
    <ClInclude Include="include\core\container\string_view.h">
      <Filter>include\core</Filter>
    </ClInclude>
    <ClInclude Include="include\core\container\sstring.h">
      <Filter>include\core</Filter>
    </ClInclude>
    <ClInclude Include="include\core\container\handle_manager.h">
      <Filter>include\core</Filter>
    </ClInclude>
    <ClInclude Include="include\core\memory\allocator.h">
      <Filter>include\core</Filter>
    </ClInclude>
    <ClInclude Include="include\core\io\vfs.h">
      <Filter>include\core</Filter>
    </ClInclude>
    <ClInclude Include="include\core\container\vector.h">
      <Filter>include\core</Filter>
    </ClInclude>
    <ClInclude Include="include\graphics\culling\aabb.h">
      <Filter>include\graphics</Filter>
    </ClInclude>
    <ClInclude Include="include\graphics\culling\culling.h">
      <Filter>include\graphics</Filter>
    </ClInclude>
    <ClInclude Include="include\graphics\culling\scene_partition.h">
      <Filter>include\graphics</Filter>
    </ClInclude>
    <ClInclude Include="include\graphics\assets\texture.h">
      <Filter>include\graphics</Filter>
    </ClInclude>
    <ClInclude Include="include\graphics\assets\shader.h">
      <Filter>include\graphics</Filter>
    </ClInclude>
    <ClInclude Include="include\graphics\pass\render_pass.h">
      <Filter>include\graphics</Filter>
    </ClInclude>
    <ClInclude Include="include\graphics\pass\shadow.h">
      <Filter>include\graphics</Filter>
    </ClInclude>
    <ClInclude Include="include\graphics\pass\volumetric.h">
      <Filter>include\graphics</Filter>
    </ClInclude>
    <ClInclude Include="include\graphics\renderer\grass.h">
      <Filter>include\graphics</Filter>
    </ClInclude>
    <ClInclude Include="include\graphics\renderer\ibl.h">
      <Filter>include\graphics</Filter>
    </ClInclude>
    <ClInclude Include="include\graphics\renderer\model_rendering.h">
      <Filter>include\graphics</Filter>
    </ClInclude>
    <ClInclude Include="include\graphics\pass\pass.h">
      <Filter>include\graphics</Filter>
    </ClInclude>
    <ClInclude Include="include\graphics\renderer\render_feature.h">
      <Filter>include\graphics</Filter>
    </ClInclude>
    <ClInclude Include="include\graphics\renderer\renderer.h">
      <Filter>include\graphics</Filter>
    </ClInclude>
    <ClInclude Include="include\graphics\rhi\buffer.h">
      <Filter>include\graphics</Filter>
    </ClInclude>
    <ClInclude Include="include\graphics\rhi\device.h">
      <Filter>include\graphics</Filter>
    </ClInclude>
    <ClInclude Include="include\graphics\rhi\draw.h">
      <Filter>include\graphics</Filter>
    </ClInclude>
    <ClInclude Include="include\graphics\rhi\frame_buffer.h">
      <Filter>include\graphics</Filter>
    </ClInclude>
    <ClInclude Include="include\graphics\rhi\primitives.h">
      <Filter>include\graphics</Filter>
    </ClInclude>
    <ClInclude Include="include\graphics\rhi\window.h">
      <Filter>include\graphics</Filter>
    </ClInclude>
    <ClInclude Include="include\graphics\renderer\transforms.h">
      <Filter>include\graphics</Filter>
    </ClInclude>
    <ClInclude Include="include\graphics\renderer\terrain.h" />
    <ClInclude Include="include\graphics\assets\model.h">
      <Filter>include\model</Filter>
    </ClInclude>
    <ClInclude Include="include\core\container\pool.h">
      <Filter>include\core</Filter>
    </ClInclude>
    <ClInclude Include="include\core\math\vec.h">
      <Filter>include\core</Filter>
    </ClInclude>
    <ClInclude Include="include\core\time.h">
      <Filter>include\core</Filter>
    </ClInclude>
    <ClInclude Include="include\core\container\event_dispatcher.h">
      <Filter>include\core</Filter>
    </ClInclude>
    <ClInclude Include="include\core\serializer.h" />
    <ClInclude Include="include\core\reflection.h">
      <Filter>include\reflection</Filter>
    </ClInclude>
    <ClInclude Include="include\graphics\renderer\material_system.h">
      <Filter>include\graphics</Filter>
    </ClInclude>
    <ClInclude Include="include\core\container\sort.h">
      <Filter>include\core</Filter>
    </ClInclude>
    <ClInclude Include="include\core\memory\linear_allocator.h">
      <Filter>include\core</Filter>
    </ClInclude>
    <ClInclude Include="include\core\io\input.h">
      <Filter>include\core</Filter>
    </ClInclude>
    <ClInclude Include="include\core\io\logger.h">
      <Filter>include\logger</Filter>
    </ClInclude>
    <ClInclude Include="include\core\container\bitset.h" />
    <ClInclude Include="include\graphics\assets\asset_manager.h" />
    <ClInclude Include="include\graphics\pass\render_graph.h" />
    <ClInclude Include="include\graphics\rhi\rhi.h" />
    <ClInclude Include="include\graphics\assets\material_manager.h" />
  </ItemGroup>
</Project>