<?xml version="1.0" encoding="utf-8"?>
<Project ToolsVersion="4.0" xmlns="http://schemas.microsoft.com/developer/msbuild/2003">
  <ItemGroup>
    <Filter Include="include">
      <UniqueIdentifier>{89AF369E-F58E-B539-FEA6-40106A051C9B}</UniqueIdentifier>
    </Filter>
    <Filter Include="include\components">
      <UniqueIdentifier>{1E5107FE-0A35-C853-7395-C2A65F98B2D5}</UniqueIdentifier>
    </Filter>
    <Filter Include="include\ecs">
      <UniqueIdentifier>{B3CCC031-1F82-3927-A876-33FE142B302B}</UniqueIdentifier>
    </Filter>
    <Filter Include="include\engine">
      <UniqueIdentifier>{0EBAC14A-FA87-B550-E31B-2677CF8891B5}</UniqueIdentifier>
    </Filter>
    <Filter Include="include\graphics">
      <UniqueIdentifier>{099E0101-F596-2053-1EC9-05D80A21005F}</UniqueIdentifier>
    </Filter>
    <Filter Include="include\graphics\assets">
      <UniqueIdentifier>{EBB42BB2-57EC-7349-60F6-D76CCCAC9A42}</UniqueIdentifier>
    </Filter>
    <Filter Include="include\graphics\culling">
      <UniqueIdentifier>{2619C695-123E-1516-3B89-FAA5270D1434}</UniqueIdentifier>
    </Filter>
    <Filter Include="include\graphics\pass">
      <UniqueIdentifier>{AF614471-1BCE-FF6B-E4C1-97C950ED21D4}</UniqueIdentifier>
    </Filter>
    <Filter Include="include\graphics\renderer">
      <UniqueIdentifier>{EF57D85A-5B1A-0CE5-A4CA-9A7110CCE4C2}</UniqueIdentifier>
    </Filter>
    <Filter Include="include\graphics\rhi">
      <UniqueIdentifier>{1B335FC5-07C2-E88E-B0E0-FC899C4EF934}</UniqueIdentifier>
    </Filter>
    <Filter Include="include\graphics\rhi\vulkan">
      <UniqueIdentifier>{5B688D6A-C775-BB50-505C-B73BBC688707}</UniqueIdentifier>
    </Filter>
    <Filter Include="include\physics">
      <UniqueIdentifier>{1BC405E5-874F-73A9-9060-F69DFC6ACFA9}</UniqueIdentifier>
    </Filter>
    <Filter Include="include\terrain">
      <UniqueIdentifier>{0DE46F11-796F-DDD5-8280-60CAEE8A39D6}</UniqueIdentifier>
    </Filter>
    <Filter Include="src">
      <UniqueIdentifier>{2DAB880B-99B4-887C-2230-9F7C8E38947C}</UniqueIdentifier>
    </Filter>
    <Filter Include="src\benchmark">
      <UniqueIdentifier>{47627F01-B322-FB37-7C5D-44B5E8DC3F14}</UniqueIdentifier>
    </Filter>
    <Filter Include="src\components">
      <UniqueIdentifier>{423E2ECF-2E0C-22D5-17A0-92FB030DFE39}</UniqueIdentifier>
    </Filter>
    <Filter Include="src\ecs">
      <UniqueIdentifier>{57FA2FA9-C3D9-AE44-CCF1-391B385015A6}</UniqueIdentifier>
    </Filter>
    <Filter Include="src\engine">
      <UniqueIdentifier>{32B5D758-1E6D-19A6-8774-F201734BB496}</UniqueIdentifier>
    </Filter>
    <Filter Include="src\graphics">
      <UniqueIdentifier>{2DF282EC-1955-1291-C2DA-4A47AE1CDE13}</UniqueIdentifier>
    </Filter>
    <Filter Include="src\graphics\assets">
      <UniqueIdentifier>{8F78A855-FBD9-8563-8447-CC15F0A7BC22}</UniqueIdentifier>
    </Filter>
    <Filter Include="src\graphics\assets\GL">
      <UniqueIdentifier>{91B3C496-7DAD-EDE8-661A-84F952B35355}</UniqueIdentifier>
    </Filter>
    <Filter Include="src\graphics\assets\VULKAN">
      <UniqueIdentifier>{8F46F12D-7B56-9DFE-E40F-021DD03E8C97}</UniqueIdentifier>
    </Filter>
    <Filter Include="src\graphics\culling">
      <UniqueIdentifier>{4A51DBA8-36E0-6472-DFFE-786DCB6C7518}</UniqueIdentifier>
    </Filter>
    <Filter Include="src\graphics\pass">
      <UniqueIdentifier>{53ECB3FA-BF02-B290-087A-3DB274CF8218}</UniqueIdentifier>
    </Filter>
    <Filter Include="src\graphics\renderer">
      <UniqueIdentifier>{939494D0-FF00-50CB-C8F4-E72834207233}</UniqueIdentifier>
    </Filter>
    <Filter Include="src\graphics\rhi">
      <UniqueIdentifier>{3FF9F57B-2BF2-14CE-5424-FA52407CF4D9}</UniqueIdentifier>
    </Filter>
    <Filter Include="src\graphics\rhi\GL">
      <UniqueIdentifier>{41B6827C-AD17-608A-3685-A63CA2E59649}</UniqueIdentifier>
    </Filter>
    <Filter Include="src\graphics\rhi\vulkan">
      <UniqueIdentifier>{FF5D4B40-6B95-93D7-749F-F7FAE055BAD0}</UniqueIdentifier>
    </Filter>
    <Filter Include="src\physics">
      <UniqueIdentifier>{BF23DBB5-2BD9-53AB-B4CD-4D8220824AAF}</UniqueIdentifier>
    </Filter>
    <Filter Include="src\terrain">
      <UniqueIdentifier>{B14345E2-1DF9-BDD7-A6ED-B7AE12A2B4DB}</UniqueIdentifier>
    </Filter>
    <Filter Include="vendor">
      <UniqueIdentifier>{B3738122-9F15-ACF8-88D0-BF4C74113349}</UniqueIdentifier>
    </Filter>
    <Filter Include="vendor\imgui">
      <UniqueIdentifier>{5D3BD0F0-499E-5F95-F223-984BDE652B18}</UniqueIdentifier>
    </Filter>
    <Filter Include="vendor\spirv-reflect">
      <UniqueIdentifier>{E86B9917-D4FA-22E1-7D19-37DC69873387}</UniqueIdentifier>
    </Filter>
  </ItemGroup>
  <ItemGroup>
    <ClInclude Include="include\component_ids.h">
      <Filter>include</Filter>
    </ClInclude>
    <ClInclude Include="include\components\camera.h">
      <Filter>include\components</Filter>
    </ClInclude>
    <ClInclude Include="include\components\flyover.h">
      <Filter>include\components</Filter>
    </ClInclude>
    <ClInclude Include="include\components\grass.h">
      <Filter>include\components</Filter>
    </ClInclude>
    <ClInclude Include="include\components\lights.h">
      <Filter>include\components</Filter>
    </ClInclude>
    <ClInclude Include="include\components\skybox.h">
      <Filter>include\components</Filter>
    </ClInclude>
    <ClInclude Include="include\components\terrain.h">
      <Filter>include\components</Filter>
    </ClInclude>
    <ClInclude Include="include\components\transform.h">
      <Filter>include\components</Filter>
    </ClInclude>
    <ClInclude Include="include\ecs\component_ids.h">
      <Filter>include\ecs</Filter>
    </ClInclude>
    <ClInclude Include="include\ecs\ecs.h">
      <Filter>include\ecs</Filter>
    </ClInclude>
    <ClInclude Include="include\ecs\flags.h">
      <Filter>include\ecs</Filter>
    </ClInclude>
    <ClInclude Include="include\ecs\id.h">
      <Filter>include\ecs</Filter>
    </ClInclude>
    <ClInclude Include="include\ecs\system.h">
      <Filter>include\ecs</Filter>
    </ClInclude>
    <ClInclude Include="include\engine\application.h">
      <Filter>include\engine</Filter>
    </ClInclude>
    <ClInclude Include="include\engine\core.h">
      <Filter>include\engine</Filter>
    </ClInclude>
    <ClInclude Include="include\engine\engine.h">
      <Filter>include\engine</Filter>
    </ClInclude>
    <ClInclude Include="include\engine\handle.h">
      <Filter>include\engine</Filter>
    </ClInclude>
    <ClInclude Include="include\engine\input.h">
      <Filter>include\engine</Filter>
    </ClInclude>
    <ClInclude Include="include\engine\types.h">
      <Filter>include\engine</Filter>
    </ClInclude>
    <ClInclude Include="include\engine\vfs.h">
      <Filter>include\engine</Filter>
    </ClInclude>
    <ClInclude Include="include\graphics\assets\assets.h">
      <Filter>include\graphics\assets</Filter>
    </ClInclude>
    <ClInclude Include="include\graphics\assets\assets_store.h">
      <Filter>include\graphics\assets</Filter>
    </ClInclude>
    <ClInclude Include="include\graphics\assets\material.h">
      <Filter>include\graphics\assets</Filter>
    </ClInclude>
    <ClInclude Include="include\graphics\assets\model.h">
      <Filter>include\graphics\assets</Filter>
    </ClInclude>
    <ClInclude Include="include\graphics\assets\shader.h">
      <Filter>include\graphics\assets</Filter>
    </ClInclude>
    <ClInclude Include="include\graphics\assets\texture.h">
      <Filter>include\graphics\assets</Filter>
    </ClInclude>
    <ClInclude Include="include\graphics\culling\aabb.h">
      <Filter>include\graphics\culling</Filter>
    </ClInclude>
    <ClInclude Include="include\graphics\culling\build_bvh.h">
      <Filter>include\graphics\culling</Filter>
    </ClInclude>
    <ClInclude Include="include\graphics\culling\culling.h">
      <Filter>include\graphics\culling</Filter>
    </ClInclude>
    <ClInclude Include="include\graphics\culling\scene_partition.h">
      <Filter>include\graphics\culling</Filter>
    </ClInclude>
    <ClInclude Include="include\graphics\pass\pass.h">
      <Filter>include\graphics\pass</Filter>
    </ClInclude>
    <ClInclude Include="include\graphics\pass\render_graph.h">
      <Filter>include\graphics\pass</Filter>
    </ClInclude>
    <ClInclude Include="include\graphics\pass\render_pass.h">
      <Filter>include\graphics\pass</Filter>
    </ClInclude>
    <ClInclude Include="include\graphics\pass\shadow.h">
      <Filter>include\graphics\pass</Filter>
    </ClInclude>
    <ClInclude Include="include\graphics\pass\volumetric.h">
      <Filter>include\graphics\pass</Filter>
    </ClInclude>
    <ClInclude Include="include\graphics\renderer\frame.h">
      <Filter>include\graphics\renderer</Filter>
    </ClInclude>
    <ClInclude Include="include\graphics\renderer\grass.h">
      <Filter>include\graphics\renderer</Filter>
    </ClInclude>
    <ClInclude Include="include\graphics\renderer\ibl.h">
      <Filter>include\graphics\renderer</Filter>
    </ClInclude>
    <ClInclude Include="include\graphics\renderer\lighting_system.h">
      <Filter>include\graphics\renderer</Filter>
    </ClInclude>
    <ClInclude Include="include\graphics\renderer\model_rendering.h">
      <Filter>include\graphics\renderer</Filter>
    </ClInclude>
    <ClInclude Include="include\graphics\renderer\render_feature.h">
      <Filter>include\graphics\renderer</Filter>
    </ClInclude>
    <ClInclude Include="include\graphics\renderer\renderer.h">
      <Filter>include\graphics\renderer</Filter>
    </ClInclude>
    <ClInclude Include="include\graphics\renderer\terrain.h">
      <Filter>include\graphics\renderer</Filter>
    </ClInclude>
    <ClInclude Include="include\graphics\renderer\transforms.h">
      <Filter>include\graphics\renderer</Filter>
    </ClInclude>
    <ClInclude Include="include\graphics\rhi\buffer.h">
      <Filter>include\graphics\rhi</Filter>
    </ClInclude>
    <ClInclude Include="include\graphics\rhi\device.h">
      <Filter>include\graphics\rhi</Filter>
    </ClInclude>
    <ClInclude Include="include\graphics\rhi\draw.h">
      <Filter>include\graphics\rhi</Filter>
    </ClInclude>
    <ClInclude Include="include\graphics\rhi\forward.h">
      <Filter>include\graphics\rhi</Filter>
    </ClInclude>
    <ClInclude Include="include\graphics\rhi\frame_buffer.h">
      <Filter>include\graphics\rhi</Filter>
    </ClInclude>
    <ClInclude Include="include\graphics\rhi\pipeline.h">
      <Filter>include\graphics\rhi</Filter>
    </ClInclude>
    <ClInclude Include="include\graphics\rhi\primitives.h">
      <Filter>include\graphics\rhi</Filter>
    </ClInclude>
    <ClInclude Include="include\graphics\rhi\render_passh.h">
      <Filter>include\graphics\rhi</Filter>
    </ClInclude>
    <ClInclude Include="include\graphics\rhi\rhi.h">
      <Filter>include\graphics\rhi</Filter>
    </ClInclude>
    <ClInclude Include="include\graphics\rhi\shader_access.h">
      <Filter>include\graphics\rhi</Filter>
    </ClInclude>
    <ClInclude Include="include\graphics\rhi\vulkan\async_cpu_copy.h">
      <Filter>include\graphics\rhi\vulkan</Filter>
    </ClInclude>
    <ClInclude Include="include\graphics\rhi\vulkan\buffer.h">
      <Filter>include\graphics\rhi\vulkan</Filter>
    </ClInclude>
    <ClInclude Include="include\graphics\rhi\vulkan\command_buffer.h">
      <Filter>include\graphics\rhi\vulkan</Filter>
    </ClInclude>
    <ClInclude Include="include\graphics\rhi\vulkan\core.h">
      <Filter>include\graphics\rhi\vulkan</Filter>
    </ClInclude>
    <ClInclude Include="include\graphics\rhi\vulkan\device.h">
      <Filter>include\graphics\rhi\vulkan</Filter>
    </ClInclude>
    <ClInclude Include="include\graphics\rhi\vulkan\draw.h">
      <Filter>include\graphics\rhi\vulkan</Filter>
    </ClInclude>
    <ClInclude Include="include\graphics\rhi\vulkan\frame_buffer.h">
      <Filter>include\graphics\rhi\vulkan</Filter>
    </ClInclude>
    <ClInclude Include="include\graphics\rhi\vulkan\frame_graph.h">
      <Filter>include\graphics\rhi\vulkan</Filter>
    </ClInclude>
    <ClInclude Include="include\graphics\rhi\vulkan\material.h">
      <Filter>include\graphics\rhi\vulkan</Filter>
    </ClInclude>
    <ClInclude Include="include\graphics\rhi\vulkan\pipeline.h">
      <Filter>include\graphics\rhi\vulkan</Filter>
    </ClInclude>
    <ClInclude Include="include\graphics\rhi\vulkan\shader.h">
      <Filter>include\graphics\rhi\vulkan</Filter>
    </ClInclude>
    <ClInclude Include="include\graphics\rhi\vulkan\shader_access.h">
      <Filter>include\graphics\rhi\vulkan</Filter>
    </ClInclude>
    <ClInclude Include="include\graphics\rhi\vulkan\swapchain.h">
      <Filter>include\graphics\rhi\vulkan</Filter>
    </ClInclude>
    <ClInclude Include="include\graphics\rhi\vulkan\texture.h">
      <Filter>include\graphics\rhi\vulkan</Filter>
    </ClInclude>
    <ClInclude Include="include\graphics\rhi\vulkan\volk.h">
      <Filter>include\graphics\rhi\vulkan</Filter>
    </ClInclude>
    <ClInclude Include="include\graphics\rhi\vulkan\vulkan.h">
      <Filter>include\graphics\rhi\vulkan</Filter>
    </ClInclude>
    <ClInclude Include="include\graphics\rhi\window.h">
      <Filter>include\graphics\rhi</Filter>
    </ClInclude>
    <ClInclude Include="include\physics\physics.h">
      <Filter>include\physics</Filter>
    </ClInclude>
    <ClInclude Include="include\terrain\kriging.h">
      <Filter>include\terrain</Filter>
    </ClInclude>
    <ClInclude Include="stdafx.h" />
    <ClInclude Include="vendor\imgui\imconfig.h">
      <Filter>vendor\imgui</Filter>
    </ClInclude>
    <ClInclude Include="vendor\imgui\imgui.h">
      <Filter>vendor\imgui</Filter>
    </ClInclude>
    <ClInclude Include="vendor\imgui\imgui_impl_glfw.h">
      <Filter>vendor\imgui</Filter>
    </ClInclude>
    <ClInclude Include="vendor\imgui\imgui_impl_opengl3.h">
      <Filter>vendor\imgui</Filter>
    </ClInclude>
    <ClInclude Include="vendor\imgui\imgui_impl_vulkan.h">
      <Filter>vendor\imgui</Filter>
    </ClInclude>
    <ClInclude Include="vendor\imgui\imgui_internal.h">
      <Filter>vendor\imgui</Filter>
    </ClInclude>
    <ClInclude Include="vendor\imgui\imstb_rectpack.h">
      <Filter>vendor\imgui</Filter>
    </ClInclude>
    <ClInclude Include="vendor\imgui\imstb_textedit.h">
      <Filter>vendor\imgui</Filter>
    </ClInclude>
    <ClInclude Include="vendor\imgui\imstb_truetype.h">
      <Filter>vendor\imgui</Filter>
    </ClInclude>
    <ClInclude Include="vendor\spirv-reflect\spirv_reflect.h">
      <Filter>vendor\spirv-reflect</Filter>
    </ClInclude>
  </ItemGroup>
  <ItemGroup>
    <ClCompile Include="src\benchmark\benchmark.cpp">
      <Filter>src\benchmark</Filter>
    </ClCompile>
    <ClCompile Include="src\components\camera.cpp">
      <Filter>src\components</Filter>
    </ClCompile>
    <ClCompile Include="src\components\flyover.cpp">
      <Filter>src\components</Filter>
    </ClCompile>
    <ClCompile Include="src\components\grass_components.cpp">
      <Filter>src\components</Filter>
    </ClCompile>
    <ClCompile Include="src\components\lights.cpp">
      <Filter>src\components</Filter>
    </ClCompile>
    <ClCompile Include="src\components\terrain_components.cpp">
      <Filter>src\components</Filter>
    </ClCompile>
    <ClCompile Include="src\components\transforms_components.cpp">
      <Filter>src\components</Filter>
    </ClCompile>
    <ClCompile Include="src\ecs\ecs.cpp">
      <Filter>src\ecs</Filter>
    </ClCompile>
    <ClCompile Include="src\ecs\system.cpp">
      <Filter>src\ecs</Filter>
    </ClCompile>
    <ClCompile Include="src\ecs\update_params.cpp">
      <Filter>src\ecs</Filter>
    </ClCompile>
    <ClCompile Include="src\engine\application.cpp">
      <Filter>src\engine</Filter>
    </ClCompile>
    <ClCompile Include="src\engine\engine.cpp">
      <Filter>src\engine</Filter>
    </ClCompile>
    <ClCompile Include="src\engine\input.cpp">
      <Filter>src\engine</Filter>
    </ClCompile>
    <ClCompile Include="src\engine\vfs.cpp">
      <Filter>src\engine</Filter>
    </ClCompile>
    <ClCompile Include="src\generated.cpp">
      <Filter>src</Filter>
    </ClCompile>
    <ClCompile Include="src\graphics\assets\GL\gl_model.cpp">
      <Filter>src\graphics\assets\GL</Filter>
    </ClCompile>
    <ClCompile Include="src\graphics\assets\GL\gl_shader.cpp">
      <Filter>src\graphics\assets\GL</Filter>
    </ClCompile>
    <ClCompile Include="src\graphics\assets\GL\gl_texture.cpp">
      <Filter>src\graphics\assets\GL</Filter>
    </ClCompile>
    <ClCompile Include="src\graphics\assets\VULKAN\vk_async_cpu_copy.cpp">
      <Filter>src\graphics\assets\VULKAN</Filter>
    </ClCompile>
    <ClCompile Include="src\graphics\assets\VULKAN\vk_material.cpp">
      <Filter>src\graphics\assets\VULKAN</Filter>
    </ClCompile>
    <ClCompile Include="src\graphics\assets\VULKAN\vk_model.cpp">
      <Filter>src\graphics\assets\VULKAN</Filter>
    </ClCompile>
    <ClCompile Include="src\graphics\assets\VULKAN\vk_shader.cpp">
      <Filter>src\graphics\assets\VULKAN</Filter>
    </ClCompile>
    <ClCompile Include="src\graphics\assets\VULKAN\vk_texture.cpp">
      <Filter>src\graphics\assets\VULKAN</Filter>
    </ClCompile>
    <ClCompile Include="src\graphics\assets\assets.cpp">
      <Filter>src\graphics\assets</Filter>
    </ClCompile>
    <ClCompile Include="src\graphics\assets\assimp_model_loader.cpp">
      <Filter>src\graphics\assets</Filter>
    </ClCompile>
    <ClCompile Include="src\graphics\culling\culling.cpp">
      <Filter>src\graphics\culling</Filter>
    </ClCompile>
    <ClCompile Include="src\graphics\pass\render_pass.cpp">
      <Filter>src\graphics\pass</Filter>
    </ClCompile>
    <ClCompile Include="src\graphics\pass\shadow.cpp">
      <Filter>src\graphics\pass</Filter>
    </ClCompile>
    <ClCompile Include="src\graphics\pass\volumetric.cpp">
      <Filter>src\graphics\pass</Filter>
    </ClCompile>
    <ClCompile Include="src\graphics\renderer\grass_rendering.cpp">
      <Filter>src\graphics\renderer</Filter>
    </ClCompile>
    <ClCompile Include="src\graphics\renderer\ibl.cpp">
      <Filter>src\graphics\renderer</Filter>
    </ClCompile>
    <ClCompile Include="src\graphics\renderer\lighting_system.cpp">
      <Filter>src\graphics\renderer</Filter>
    </ClCompile>
    <ClCompile Include="src\graphics\renderer\material_system.cpp">
      <Filter>src\graphics\renderer</Filter>
    </ClCompile>
    <ClCompile Include="src\graphics\renderer\model_rendering.cpp">
      <Filter>src\graphics\renderer</Filter>
    </ClCompile>
    <ClCompile Include="src\graphics\renderer\renderer.cpp">
      <Filter>src\graphics\renderer</Filter>
    </ClCompile>
    <ClCompile Include="src\graphics\renderer\terrain.cpp">
      <Filter>src\graphics\renderer</Filter>
    </ClCompile>
    <ClCompile Include="src\graphics\renderer\transforms.cpp">
      <Filter>src\graphics\renderer</Filter>
    </ClCompile>
    <ClCompile Include="src\graphics\rhi\GL\gl_buffer.cpp">
      <Filter>src\graphics\rhi\GL</Filter>
    </ClCompile>
    <ClCompile Include="src\graphics\rhi\GL\gl_device.cpp">
      <Filter>src\graphics\rhi\GL</Filter>
    </ClCompile>
    <ClCompile Include="src\graphics\rhi\GL\gl_draw.cpp">
      <Filter>src\graphics\rhi\GL</Filter>
    </ClCompile>
    <ClCompile Include="src\graphics\rhi\GL\gl_framebuffer.cpp">
      <Filter>src\graphics\rhi\GL</Filter>
    </ClCompile>
    <ClCompile Include="src\graphics\rhi\primitives.cpp">
      <Filter>src\graphics\rhi</Filter>
    </ClCompile>
    <ClCompile Include="src\graphics\rhi\vulkan\vk_buffer.cpp">
      <Filter>src\graphics\rhi\vulkan</Filter>
    </ClCompile>
    <ClCompile Include="src\graphics\rhi\vulkan\vk_cmd_buffer.cpp">
      <Filter>src\graphics\rhi\vulkan</Filter>
    </ClCompile>
    <ClCompile Include="src\graphics\rhi\vulkan\vk_device.cpp">
      <Filter>src\graphics\rhi\vulkan</Filter>
    </ClCompile>
    <ClCompile Include="src\graphics\rhi\vulkan\vk_draw.cpp">
      <Filter>src\graphics\rhi\vulkan</Filter>
    </ClCompile>
    <ClCompile Include="src\graphics\rhi\vulkan\vk_framebuffer.cpp">
      <Filter>src\graphics\rhi\vulkan</Filter>
    </ClCompile>
    <ClCompile Include="src\graphics\rhi\vulkan\vk_framegraph.cpp">
      <Filter>src\graphics\rhi\vulkan</Filter>
    </ClCompile>
    <ClCompile Include="src\graphics\rhi\vulkan\vk_pipeline.cpp">
      <Filter>src\graphics\rhi\vulkan</Filter>
    </ClCompile>
    <ClCompile Include="src\graphics\rhi\vulkan\vk_rhi.cpp">
      <Filter>src\graphics\rhi\vulkan</Filter>
    </ClCompile>
    <ClCompile Include="src\graphics\rhi\vulkan\vk_shader_access.cpp">
      <Filter>src\graphics\rhi\vulkan</Filter>
    </ClCompile>
    <ClCompile Include="src\graphics\rhi\vulkan\vk_swapchain.cpp">
      <Filter>src\graphics\rhi\vulkan</Filter>
    </ClCompile>
    <ClCompile Include="src\graphics\rhi\vulkan\vk_ubo.cpp">
      <Filter>src\graphics\rhi\vulkan</Filter>
    </ClCompile>
    <ClCompile Include="src\graphics\rhi\vulkan\volk.cpp">
      <Filter>src\graphics\rhi\vulkan</Filter>
    </ClCompile>
    <ClCompile Include="src\graphics\rhi\vulkan\vulkan.cpp">
      <Filter>src\graphics\rhi\vulkan</Filter>
    </ClCompile>
    <ClCompile Include="src\graphics\rhi\window.cpp">
      <Filter>src\graphics\rhi</Filter>
    </ClCompile>
    <ClCompile Include="src\physics\btWrapper.cpp">
      <Filter>src\physics</Filter>
    </ClCompile>
    <ClCompile Include="src\physics\physics.cpp">
      <Filter>src\physics</Filter>
    </ClCompile>
    <ClCompile Include="src\terrain\kriging.cpp">
      <Filter>src\terrain</Filter>
    </ClCompile>
    <ClCompile Include="stdafx.cpp" />
    <ClCompile Include="vendor\imgui\imgui.cpp">
      <Filter>vendor\imgui</Filter>
    </ClCompile>
    <ClCompile Include="vendor\imgui\imgui_draw.cpp">
      <Filter>vendor\imgui</Filter>
    </ClCompile>
    <ClCompile Include="vendor\imgui\imgui_impl_glfw.cpp">
      <Filter>vendor\imgui</Filter>
    </ClCompile>
    <ClCompile Include="vendor\imgui\imgui_impl_opengl3.cpp">
      <Filter>vendor\imgui</Filter>
    </ClCompile>
    <ClCompile Include="vendor\imgui\imgui_impl_vulkan.cpp">
      <Filter>vendor\imgui</Filter>
    </ClCompile>
    <ClCompile Include="vendor\imgui\imgui_widgets.cpp">
      <Filter>vendor\imgui</Filter>
    </ClCompile>
    <ClCompile Include="vendor\spirv-reflect\spirv_reflect.cpp">
      <Filter>vendor\spirv-reflect</Filter>
    </ClCompile>
  </ItemGroup>
</Project>