
Microsoft Visual Studio Solution File, Format Version 12.00
# Visual Studio 15
Project("{8BC9CEB8-8B4A-11D0-8D11-00A0C91BC942}") = "TheUnpluggingRunner", "TheUnpluggingRunner\TheUnpluggingRunner.vcxproj", "{A0134B36-0C75-2844-95E2-6EF601435F03}"
EndProject
Project("{8BC9CEB8-8B4A-11D0-8D11-00A0C91BC942}") = "ChemistryProject", "ChemistryProject\ChemistryProject.vcxproj", "{74C382EC-60BC-A13E-89EE-86C37546814A}"
EndProject
Project("{2150E333-8FDC-42A3-9474-1A3956D46DE8}") = "Dependencies", "Dependencies", "{53E47842-3FC8-3998-A828-34EB942B241A}"
EndProject
Project("{2150E333-8FDC-42A3-9474-1A3956D46DE8}") = "Bullet3", "Bullet3", "{1D24DA24-0934-86F5-72ED-EA135E1C758E}"
EndProject
Project("{8BC9CEB8-8B4A-11D0-8D11-00A0C91BC942}") = "BulletCollision", "NextEngine\vendor\bullet3\src\BulletCollision\BulletCollision.vcxproj", "{B91153C5-259D-C089-2EAE-437E9AB81C8A}"
EndProject
Project("{8BC9CEB8-8B4A-11D0-8D11-00A0C91BC942}") = "BulletDynamics", "NextEngine\vendor\bullet3\src\BulletDynamics\BulletDynamics.vcxproj", "{45122E0F-31E0-2115-1A74-923B06E1FD79}"
EndProject
Project("{8BC9CEB8-8B4A-11D0-8D11-00A0C91BC942}") = "BulletInverseDynamics", "NextEngine\vendor\bullet3\src\BulletInverseDynamics\BulletInverseDynamics.vcxproj", "{C1A79F57-2D14-5B52-F607-F3AF62337DBA}"
EndProject
Project("{8BC9CEB8-8B4A-11D0-8D11-00A0C91BC942}") = "BulletSoftBody", "NextEngine\vendor\bullet3\src\BulletSoftBody\BulletSoftBody.vcxproj", "{D73DDAD3-C30B-CED9-AC9F-3E00980CAA3E}"
EndProject
Project("{8BC9CEB8-8B4A-11D0-8D11-00A0C91BC942}") = "LinearMath", "NextEngine\vendor\bullet3\src\LinearMath\LinearMath.vcxproj", "{EAF25DFD-D6AA-9F4A-3FB2-78A62B893A3B}"
EndProject
Project("{8BC9CEB8-8B4A-11D0-8D11-00A0C91BC942}") = "GLFW", "NextEngine\vendor\glfw\GLFW.vcxproj", "{154B857C-0182-860D-AA6E-6C109684020F}"
EndProject
Project("{8BC9CEB8-8B4A-11D0-8D11-00A0C91BC942}") = "assimp", "NextEngine\vendor\assimp\assimp.vcxproj", "{724885F2-5EEA-AFC8-47A5-C31C33E63619}"
EndProject
Project("{8BC9CEB8-8B4A-11D0-8D11-00A0C91BC942}") = "NextCore", "NextCore\NextCore.vcxproj", "{4DE9C0F6-39B6-1B02-62CF-09AA4EFB5090}"
EndProject
Project("{8BC9CEB8-8B4A-11D0-8D11-00A0C91BC942}") = "NextEngine", "NextEngine\NextEngine.vcxproj", "{BAC032AF-A678-74FC-0F80-4D58FB560FED}"
EndProject
Project("{8BC9CEB8-8B4A-11D0-8D11-00A0C91BC942}") = "NextEngineEditor", "NextEngineEditor\NextEngineEditor.vcxproj", "{01FA5310-EDF2-7262-1625-58E7027D526E}"
EndProject
Project("{8BC9CEB8-8B4A-11D0-8D11-00A0C91BC942}") = "ReflectionTool", "ReflectionTool\ReflectionTool.vcxproj", "{CE4D306B-BA1B-2471-A3AF-94978F1C00D6}"
EndProject
Project("{8BC9CEB8-8B4A-11D0-8D11-00A0C91BC942}") = "TheUnpluggingGame", "TheUnpluggingGame\TheUnpluggingGame.vcxproj", "{800A4BDC-EC20-4972-3598-D493A1ED19FA}"
EndProject
Global
	GlobalSection(SolutionConfigurationPlatforms) = preSolution
		Debug|x64 = Debug|x64
		Dist|x64 = Dist|x64
		Release|x64 = Release|x64
	EndGlobalSection
	GlobalSection(ProjectConfigurationPlatforms) = postSolution
		{A0134B36-0C75-2844-95E2-6EF601435F03}.Debug|x64.ActiveCfg = Debug|x64
		{A0134B36-0C75-2844-95E2-6EF601435F03}.Debug|x64.Build.0 = Debug|x64
		{A0134B36-0C75-2844-95E2-6EF601435F03}.Dist|x64.ActiveCfg = Dist|x64
		{A0134B36-0C75-2844-95E2-6EF601435F03}.Dist|x64.Build.0 = Dist|x64
		{A0134B36-0C75-2844-95E2-6EF601435F03}.Release|x64.ActiveCfg = Release|x64
		{A0134B36-0C75-2844-95E2-6EF601435F03}.Release|x64.Build.0 = Release|x64
		{74C382EC-60BC-A13E-89EE-86C37546814A}.Debug|x64.ActiveCfg = Debug|x64
		{74C382EC-60BC-A13E-89EE-86C37546814A}.Debug|x64.Build.0 = Debug|x64
		{74C382EC-60BC-A13E-89EE-86C37546814A}.Dist|x64.ActiveCfg = Dist|x64
		{74C382EC-60BC-A13E-89EE-86C37546814A}.Dist|x64.Build.0 = Dist|x64
		{74C382EC-60BC-A13E-89EE-86C37546814A}.Release|x64.ActiveCfg = Release|x64
		{74C382EC-60BC-A13E-89EE-86C37546814A}.Release|x64.Build.0 = Release|x64
		{B91153C5-259D-C089-2EAE-437E9AB81C8A}.Debug|x64.ActiveCfg = Debug|x64
		{B91153C5-259D-C089-2EAE-437E9AB81C8A}.Debug|x64.Build.0 = Debug|x64
		{B91153C5-259D-C089-2EAE-437E9AB81C8A}.Dist|x64.ActiveCfg = Dist|x64
		{B91153C5-259D-C089-2EAE-437E9AB81C8A}.Dist|x64.Build.0 = Dist|x64
		{B91153C5-259D-C089-2EAE-437E9AB81C8A}.Release|x64.ActiveCfg = Release|x64
		{B91153C5-259D-C089-2EAE-437E9AB81C8A}.Release|x64.Build.0 = Release|x64
		{45122E0F-31E0-2115-1A74-923B06E1FD79}.Debug|x64.ActiveCfg = Debug|x64
		{45122E0F-31E0-2115-1A74-923B06E1FD79}.Debug|x64.Build.0 = Debug|x64
		{45122E0F-31E0-2115-1A74-923B06E1FD79}.Dist|x64.ActiveCfg = Dist|x64
		{45122E0F-31E0-2115-1A74-923B06E1FD79}.Dist|x64.Build.0 = Dist|x64
		{45122E0F-31E0-2115-1A74-923B06E1FD79}.Release|x64.ActiveCfg = Release|x64
		{45122E0F-31E0-2115-1A74-923B06E1FD79}.Release|x64.Build.0 = Release|x64
		{C1A79F57-2D14-5B52-F607-F3AF62337DBA}.Debug|x64.ActiveCfg = Debug|x64
		{C1A79F57-2D14-5B52-F607-F3AF62337DBA}.Debug|x64.Build.0 = Debug|x64
		{C1A79F57-2D14-5B52-F607-F3AF62337DBA}.Dist|x64.ActiveCfg = Dist|x64
		{C1A79F57-2D14-5B52-F607-F3AF62337DBA}.Dist|x64.Build.0 = Dist|x64
		{C1A79F57-2D14-5B52-F607-F3AF62337DBA}.Release|x64.ActiveCfg = Release|x64
		{C1A79F57-2D14-5B52-F607-F3AF62337DBA}.Release|x64.Build.0 = Release|x64
		{D73DDAD3-C30B-CED9-AC9F-3E00980CAA3E}.Debug|x64.ActiveCfg = Debug|x64
		{D73DDAD3-C30B-CED9-AC9F-3E00980CAA3E}.Debug|x64.Build.0 = Debug|x64
		{D73DDAD3-C30B-CED9-AC9F-3E00980CAA3E}.Dist|x64.ActiveCfg = Dist|x64
		{D73DDAD3-C30B-CED9-AC9F-3E00980CAA3E}.Dist|x64.Build.0 = Dist|x64
		{D73DDAD3-C30B-CED9-AC9F-3E00980CAA3E}.Release|x64.ActiveCfg = Release|x64
		{D73DDAD3-C30B-CED9-AC9F-3E00980CAA3E}.Release|x64.Build.0 = Release|x64
		{EAF25DFD-D6AA-9F4A-3FB2-78A62B893A3B}.Debug|x64.ActiveCfg = Debug|x64
		{EAF25DFD-D6AA-9F4A-3FB2-78A62B893A3B}.Debug|x64.Build.0 = Debug|x64
		{EAF25DFD-D6AA-9F4A-3FB2-78A62B893A3B}.Dist|x64.ActiveCfg = Dist|x64
		{EAF25DFD-D6AA-9F4A-3FB2-78A62B893A3B}.Dist|x64.Build.0 = Dist|x64
		{EAF25DFD-D6AA-9F4A-3FB2-78A62B893A3B}.Release|x64.ActiveCfg = Release|x64
		{EAF25DFD-D6AA-9F4A-3FB2-78A62B893A3B}.Release|x64.Build.0 = Release|x64
		{154B857C-0182-860D-AA6E-6C109684020F}.Debug|x64.ActiveCfg = Debug|x64
		{154B857C-0182-860D-AA6E-6C109684020F}.Debug|x64.Build.0 = Debug|x64
		{154B857C-0182-860D-AA6E-6C109684020F}.Dist|x64.ActiveCfg = Dist|x64
		{154B857C-0182-860D-AA6E-6C109684020F}.Dist|x64.Build.0 = Dist|x64
		{154B857C-0182-860D-AA6E-6C109684020F}.Release|x64.ActiveCfg = Release|x64
		{154B857C-0182-860D-AA6E-6C109684020F}.Release|x64.Build.0 = Release|x64
		{724885F2-5EEA-AFC8-47A5-C31C33E63619}.Debug|x64.ActiveCfg = Debug|x64
		{724885F2-5EEA-AFC8-47A5-C31C33E63619}.Debug|x64.Build.0 = Debug|x64
		{724885F2-5EEA-AFC8-47A5-C31C33E63619}.Dist|x64.ActiveCfg = Dist|x64
		{724885F2-5EEA-AFC8-47A5-C31C33E63619}.Dist|x64.Build.0 = Dist|x64
		{724885F2-5EEA-AFC8-47A5-C31C33E63619}.Release|x64.ActiveCfg = Release|x64
		{724885F2-5EEA-AFC8-47A5-C31C33E63619}.Release|x64.Build.0 = Release|x64
		{4DE9C0F6-39B6-1B02-62CF-09AA4EFB5090}.Debug|x64.ActiveCfg = Debug|x64
		{4DE9C0F6-39B6-1B02-62CF-09AA4EFB5090}.Debug|x64.Build.0 = Debug|x64
		{4DE9C0F6-39B6-1B02-62CF-09AA4EFB5090}.Dist|x64.ActiveCfg = Dist|x64
		{4DE9C0F6-39B6-1B02-62CF-09AA4EFB5090}.Dist|x64.Build.0 = Dist|x64
		{4DE9C0F6-39B6-1B02-62CF-09AA4EFB5090}.Release|x64.ActiveCfg = Release|x64
		{4DE9C0F6-39B6-1B02-62CF-09AA4EFB5090}.Release|x64.Build.0 = Release|x64
		{BAC032AF-A678-74FC-0F80-4D58FB560FED}.Debug|x64.ActiveCfg = Debug|x64
		{BAC032AF-A678-74FC-0F80-4D58FB560FED}.Debug|x64.Build.0 = Debug|x64
		{BAC032AF-A678-74FC-0F80-4D58FB560FED}.Dist|x64.ActiveCfg = Dist|x64
		{BAC032AF-A678-74FC-0F80-4D58FB560FED}.Dist|x64.Build.0 = Dist|x64
		{BAC032AF-A678-74FC-0F80-4D58FB560FED}.Release|x64.ActiveCfg = Release|x64
		{BAC032AF-A678-74FC-0F80-4D58FB560FED}.Release|x64.Build.0 = Release|x64
		{01FA5310-EDF2-7262-1625-58E7027D526E}.Debug|x64.ActiveCfg = Debug|x64
		{01FA5310-EDF2-7262-1625-58E7027D526E}.Debug|x64.Build.0 = Debug|x64
		{01FA5310-EDF2-7262-1625-58E7027D526E}.Dist|x64.ActiveCfg = Dist|x64
		{01FA5310-EDF2-7262-1625-58E7027D526E}.Dist|x64.Build.0 = Dist|x64
		{01FA5310-EDF2-7262-1625-58E7027D526E}.Release|x64.ActiveCfg = Release|x64
		{01FA5310-EDF2-7262-1625-58E7027D526E}.Release|x64.Build.0 = Release|x64
		{CE4D306B-BA1B-2471-A3AF-94978F1C00D6}.Debug|x64.ActiveCfg = Debug|x64
		{CE4D306B-BA1B-2471-A3AF-94978F1C00D6}.Debug|x64.Build.0 = Debug|x64
		{CE4D306B-BA1B-2471-A3AF-94978F1C00D6}.Dist|x64.ActiveCfg = Dist|x64
		{CE4D306B-BA1B-2471-A3AF-94978F1C00D6}.Dist|x64.Build.0 = Dist|x64
		{CE4D306B-BA1B-2471-A3AF-94978F1C00D6}.Release|x64.ActiveCfg = Release|x64
		{CE4D306B-BA1B-2471-A3AF-94978F1C00D6}.Release|x64.Build.0 = Release|x64
		{800A4BDC-EC20-4972-3598-D493A1ED19FA}.Debug|x64.ActiveCfg = Debug|x64
		{800A4BDC-EC20-4972-3598-D493A1ED19FA}.Debug|x64.Build.0 = Debug|x64
		{800A4BDC-EC20-4972-3598-D493A1ED19FA}.Dist|x64.ActiveCfg = Dist|x64
		{800A4BDC-EC20-4972-3598-D493A1ED19FA}.Dist|x64.Build.0 = Dist|x64
		{800A4BDC-EC20-4972-3598-D493A1ED19FA}.Release|x64.ActiveCfg = Release|x64
		{800A4BDC-EC20-4972-3598-D493A1ED19FA}.Release|x64.Build.0 = Release|x64
	EndGlobalSection
	GlobalSection(SolutionProperties) = preSolution
		HideSolutionNode = FALSE
	EndGlobalSection
	GlobalSection(NestedProjects) = preSolution
		{1D24DA24-0934-86F5-72ED-EA135E1C758E} = {53E47842-3FC8-3998-A828-34EB942B241A}
		{B91153C5-259D-C089-2EAE-437E9AB81C8A} = {1D24DA24-0934-86F5-72ED-EA135E1C758E}
		{45122E0F-31E0-2115-1A74-923B06E1FD79} = {1D24DA24-0934-86F5-72ED-EA135E1C758E}
		{C1A79F57-2D14-5B52-F607-F3AF62337DBA} = {1D24DA24-0934-86F5-72ED-EA135E1C758E}
		{D73DDAD3-C30B-CED9-AC9F-3E00980CAA3E} = {1D24DA24-0934-86F5-72ED-EA135E1C758E}
		{EAF25DFD-D6AA-9F4A-3FB2-78A62B893A3B} = {1D24DA24-0934-86F5-72ED-EA135E1C758E}
		{154B857C-0182-860D-AA6E-6C109684020F} = {53E47842-3FC8-3998-A828-34EB942B241A}
		{724885F2-5EEA-AFC8-47A5-C31C33E63619} = {53E47842-3FC8-3998-A828-34EB942B241A}
	EndGlobalSection
EndGlobal
