<?xml version="1.0" encoding="utf-8"?>
<Project ToolsVersion="4.0" xmlns="http://schemas.microsoft.com/developer/msbuild/2003">
  <ItemGroup>
    <Filter Include="include">
      <UniqueIdentifier>{89AF369E-F58E-B539-FEA6-40106A051C9B}</UniqueIdentifier>
    </Filter>
    <Filter Include="include\editor">
      <UniqueIdentifier>{BF0C0E4A-ABDA-0150-946E-727680DBDDB4}</UniqueIdentifier>
    </Filter>
    <Filter Include="include\geo">
      <UniqueIdentifier>{73D5C031-DF8A-3927-687F-33FED433302B}</UniqueIdentifier>
    </Filter>
    <Filter Include="include\mesh">
      <UniqueIdentifier>{05CFDE69-F131-6E0E-9AB7-A6C486F93991}</UniqueIdentifier>
    </Filter>
    <Filter Include="include\mesh_generation">
      <UniqueIdentifier>{70B92C87-DCF0-741E-E5FA-D84151B19B17}</UniqueIdentifier>
    </Filter>
    <Filter Include="include\mesh_generation\surface">
      <UniqueIdentifier>{E89CFAE4-5480-0925-5D83-3761C9E5CF75}</UniqueIdentifier>
    </Filter>
    <Filter Include="include\numerical">
      <UniqueIdentifier>{18022998-8418-272E-CD8F-B24F39E5F7B5}</UniqueIdentifier>
    </Filter>
    <Filter Include="include\solver">
      <UniqueIdentifier>{73FF7E6B-5FCD-7271-4861-E39734CE4ED6}</UniqueIdentifier>
    </Filter>
    <Filter Include="include\visualization">
      <UniqueIdentifier>{CA481C4B-36B5-D745-FFA8-6FA36BD4F9AD}</UniqueIdentifier>
    </Filter>
    <Filter Include="src">
      <UniqueIdentifier>{2DAB880B-99B4-887C-2230-9F7C8E38947C}</UniqueIdentifier>
    </Filter>
    <Filter Include="src\editor">
      <UniqueIdentifier>{E3072458-CFBF-65A5-38C7-3E01249E0096}</UniqueIdentifier>
    </Filter>
    <Filter Include="src\geo">
      <UniqueIdentifier>{170330A9-83E2-AE44-8CFA-391BF85815A6}</UniqueIdentifier>
    </Filter>
    <Filter Include="src\mesh">
      <UniqueIdentifier>{29B133CF-157E-8EDA-3E97-7C822AC3C368}</UniqueIdentifier>
    </Filter>
    <Filter Include="src\mesh\input">
      <UniqueIdentifier>{08ECD4F6-F4B9-C8FC-DD4D-3923C9BAA461}</UniqueIdentifier>
    </Filter>
    <Filter Include="src\mesh\surface">
      <UniqueIdentifier>{A13DF611-8D36-1564-B668-FAE8A2C0F46F}</UniqueIdentifier>
    </Filter>
    <Filter Include="src\mesh_generation">
      <UniqueIdentifier>{147DA92A-80DE-8638-094C-CDEA75ACBDF7}</UniqueIdentifier>
    </Filter>
    <Filter Include="src\mesh_generation\surface">
      <UniqueIdentifier>{8CC442AE-F8D1-7094-81B8-6C7FEDC43C4B}</UniqueIdentifier>
    </Filter>
    <Filter Include="src\solver">
      <UniqueIdentifier>{97FA9479-83B2-D6C6-ECB9-AF22D89071B7}</UniqueIdentifier>
    </Filter>
    <Filter Include="src\visualization">
      <UniqueIdentifier>{6ED38BD4-DAE9-896A-2361-158C8FB65AF2}</UniqueIdentifier>
    </Filter>
  </ItemGroup>
  <ItemGroup>
    <ClInclude Include="include\cfd_components.h">
      <Filter>include</Filter>
    </ClInclude>
    <ClInclude Include="include\cfd_core.h">
      <Filter>include</Filter>
    </ClInclude>
    <ClInclude Include="include\cfd_ids.h">
      <Filter>include</Filter>
    </ClInclude>
    <ClInclude Include="include\collision.h">
      <Filter>include</Filter>
    </ClInclude>
    <ClInclude Include="include\editor\inspector.h">
      <Filter>include\editor</Filter>
    </ClInclude>
    <ClInclude Include="include\editor\lister.h">
      <Filter>include\editor</Filter>
    </ClInclude>
    <ClInclude Include="include\editor\selection.h">
      <Filter>include\editor</Filter>
    </ClInclude>
    <ClInclude Include="include\editor\viewport.h">
      <Filter>include\editor</Filter>
    </ClInclude>
    <ClInclude Include="include\editor\viewport_interaction.h">
      <Filter>include\editor</Filter>
    </ClInclude>
    <ClInclude Include="include\fvc.h">
      <Filter>include</Filter>
    </ClInclude>
    <ClInclude Include="include\generated.h">
      <Filter>include</Filter>
    </ClInclude>
    <ClInclude Include="include\geo\predicates.h">
      <Filter>include\geo</Filter>
    </ClInclude>
    <ClInclude Include="include\lapacke_config.h">
      <Filter>include</Filter>
    </ClInclude>
    <ClInclude Include="include\math_ia.h">
      <Filter>include</Filter>
    </ClInclude>
    <ClInclude Include="include\mesh.h">
      <Filter>include</Filter>
    </ClInclude>
    <ClInclude Include="include\mesh\edge_graph.h">
      <Filter>include\mesh</Filter>
    </ClInclude>
    <ClInclude Include="include\mesh\feature_edges.h">
      <Filter>include\mesh</Filter>
    </ClInclude>
    <ClInclude Include="include\mesh\input_mesh.h">
      <Filter>include\mesh</Filter>
    </ClInclude>
    <ClInclude Include="include\mesh\input_mesh_bvh.h">
      <Filter>include\mesh</Filter>
    </ClInclude>
    <ClInclude Include="include\mesh\surface_tet_mesh.h">
      <Filter>include\mesh</Filter>
    </ClInclude>
    <ClInclude Include="include\mesh\vert_graph.h">
      <Filter>include\mesh</Filter>
    </ClInclude>
    <ClInclude Include="include\mesh\volume_tet_mesh.h">
      <Filter>include\mesh</Filter>
    </ClInclude>
    <ClInclude Include="include\mesh_generation\cross_field.h">
      <Filter>include\mesh_generation</Filter>
    </ClInclude>
    <ClInclude Include="include\mesh_generation\delaunay.h">
      <Filter>include\mesh_generation</Filter>
    </ClInclude>
    <ClInclude Include="include\mesh_generation\delaunay_advancing_front.h">
      <Filter>include\mesh_generation</Filter>
    </ClInclude>
    <ClInclude Include="include\mesh_generation\front_octotree.h">
      <Filter>include\mesh_generation</Filter>
    </ClInclude>
    <ClInclude Include="include\mesh_generation\hexcore.h">
      <Filter>include\mesh_generation</Filter>
    </ClInclude>
    <ClInclude Include="include\mesh_generation\parametric_shapes.h">
      <Filter>include\mesh_generation</Filter>
    </ClInclude>
    <ClInclude Include="include\mesh_generation\point_octotree.h">
      <Filter>include\mesh_generation</Filter>
    </ClInclude>
    <ClInclude Include="include\mesh_generation\qmorph.h">
      <Filter>include\mesh_generation</Filter>
    </ClInclude>
    <ClInclude Include="include\mesh_generation\surface\delaunay.h">
      <Filter>include\mesh_generation\surface</Filter>
    </ClInclude>
    <ClInclude Include="include\mesh_generation\surface_point_placement.h">
      <Filter>include\mesh_generation</Filter>
    </ClInclude>
    <ClInclude Include="include\mesh_generation\surface_reconstruction.h">
      <Filter>include\mesh_generation</Filter>
    </ClInclude>
    <ClInclude Include="include\numerical\matrix.h">
      <Filter>include\numerical</Filter>
    </ClInclude>
    <ClInclude Include="include\numerical\sparse_matrix.h">
      <Filter>include\numerical</Filter>
    </ClInclude>
    <ClInclude Include="include\numerical\spline.h">
      <Filter>include\numerical</Filter>
    </ClInclude>
    <ClInclude Include="include\numerical\vector.h">
      <Filter>include\numerical</Filter>
    </ClInclude>
    <ClInclude Include="include\scene.h">
      <Filter>include</Filter>
    </ClInclude>
    <ClInclude Include="include\solver.h">
      <Filter>include</Filter>
    </ClInclude>
    <ClInclude Include="include\solver\field.h">
      <Filter>include\solver</Filter>
    </ClInclude>
    <ClInclude Include="include\solver\fmesh.h">
      <Filter>include\solver</Filter>
    </ClInclude>
    <ClInclude Include="include\solver\fvm.h">
      <Filter>include\solver</Filter>
    </ClInclude>
    <ClInclude Include="include\solver\interpolator.h">
      <Filter>include\solver</Filter>
    </ClInclude>
    <ClInclude Include="include\solver\matrix.h">
      <Filter>include\solver</Filter>
    </ClInclude>
    <ClInclude Include="include\solver\patches.h">
      <Filter>include\solver</Filter>
    </ClInclude>
    <ClInclude Include="include\solver\solver_abstract.h">
      <Filter>include\solver</Filter>
    </ClInclude>
    <ClInclude Include="include\visualization\color_map.h">
      <Filter>include\visualization</Filter>
    </ClInclude>
    <ClInclude Include="include\visualization\debug_renderer.h">
      <Filter>include\visualization</Filter>
    </ClInclude>
    <ClInclude Include="include\visualization\input_mesh_viewer.h">
      <Filter>include\visualization</Filter>
    </ClInclude>
    <ClInclude Include="include\visualization\render_backend.h">
      <Filter>include\visualization</Filter>
    </ClInclude>
    <ClInclude Include="include\visualization\visualizer.h">
      <Filter>include\visualization</Filter>
    </ClInclude>
    <ClInclude Include="stdafx.h" />
  </ItemGroup>
  <ItemGroup>
    <ClCompile Include="src\application.cpp">
      <Filter>src</Filter>
    </ClCompile>
    <ClCompile Include="src\editor\inspector.cpp">
      <Filter>src\editor</Filter>
    </ClCompile>
    <ClCompile Include="src\editor\lister.cpp">
      <Filter>src\editor</Filter>
    </ClCompile>
    <ClCompile Include="src\editor\scene_viewport.cpp">
      <Filter>src\editor</Filter>
    </ClCompile>
    <ClCompile Include="src\editor\scene_viewport_interactions.cpp">
      <Filter>src\editor</Filter>
    </ClCompile>
    <ClCompile Include="src\generated.cpp">
      <Filter>src</Filter>
    </ClCompile>
    <ClCompile Include="src\geo\predicates.c">
      <Filter>src\geo</Filter>
    </ClCompile>
    <ClCompile Include="src\mesh\cross_field.cpp">
      <Filter>src\mesh</Filter>
    </ClCompile>
    <ClCompile Include="src\mesh\edge_graph.cpp">
      <Filter>src\mesh</Filter>
    </ClCompile>
    <ClCompile Include="src\mesh\input\input_model.cpp">
      <Filter>src\mesh\input</Filter>
    </ClCompile>
    <ClCompile Include="src\mesh\input\load_mesh.cpp">
      <Filter>src\mesh\input</Filter>
    </ClCompile>
    <ClCompile Include="src\mesh\input\mesh_registry.cpp">
      <Filter>src\mesh\input</Filter>
    </ClCompile>
    <ClCompile Include="src\mesh\surface\mesh_operations.cpp">
      <Filter>src\mesh\surface</Filter>
    </ClCompile>
    <ClCompile Include="src\mesh\surface\tri_mesh.cpp">
      <Filter>src\mesh\surface</Filter>
    </ClCompile>
    <ClCompile Include="src\mesh\vert_graph.cpp">
      <Filter>src\mesh</Filter>
    </ClCompile>
    <ClCompile Include="src\mesh_generation\advancing_front.cpp">
      <Filter>src\mesh_generation</Filter>
    </ClCompile>
    <ClCompile Include="src\mesh_generation\delanuay.cpp">
      <Filter>src\mesh_generation</Filter>
    </ClCompile>
    <ClCompile Include="src\mesh_generation\deluanay_advancing_front.cpp">
      <Filter>src\mesh_generation</Filter>
    </ClCompile>
    <ClCompile Include="src\mesh_generation\feature_edges.cpp">
      <Filter>src\mesh_generation</Filter>
    </ClCompile>
    <ClCompile Include="src\mesh_generation\hexcore.cpp">
      <Filter>src\mesh_generation</Filter>
    </ClCompile>
    <ClCompile Include="src\mesh_generation\hexcore_old.cpp">
      <Filter>src\mesh_generation</Filter>
    </ClCompile>
    <ClCompile Include="src\mesh_generation\hilbert_sort.cpp">
      <Filter>src\mesh_generation</Filter>
    </ClCompile>
    <ClCompile Include="src\mesh_generation\isotropic_advancing_front.cpp">
      <Filter>src\mesh_generation</Filter>
    </ClCompile>
    <ClCompile Include="src\mesh_generation\mesh_generation.cpp">
      <Filter>src\mesh_generation</Filter>
    </ClCompile>
    <ClCompile Include="src\mesh_generation\parametric_shapes.cpp">
      <Filter>src\mesh_generation</Filter>
    </ClCompile>
    <ClCompile Include="src\mesh_generation\point_octotree.cpp">
      <Filter>src\mesh_generation</Filter>
    </ClCompile>
    <ClCompile Include="src\mesh_generation\surface\delaunay.cpp">
      <Filter>src\mesh_generation\surface</Filter>
    </ClCompile>
    <ClCompile Include="src\mesh_generation\surface\qmorph.cpp">
      <Filter>src\mesh_generation\surface</Filter>
    </ClCompile>
    <ClCompile Include="src\mesh_generation\surface\reconstruct_surface.cpp">
      <Filter>src\mesh_generation\surface</Filter>
    </ClCompile>
    <ClCompile Include="src\mesh_generation\surface\surface_point_placement.cpp">
      <Filter>src\mesh_generation\surface</Filter>
    </ClCompile>
    <ClCompile Include="src\solver.cpp">
      <Filter>src</Filter>
    </ClCompile>
    <ClCompile Include="src\solver\interpolator.cpp">
      <Filter>src\solver</Filter>
    </ClCompile>
    <ClCompile Include="src\solver\matrix.cpp">
      <Filter>src\solver</Filter>
    </ClCompile>
    <ClCompile Include="src\solver\mesh.cpp">
      <Filter>src\solver</Filter>
    </ClCompile>
    <ClCompile Include="src\solver\simple_solver.cpp">
      <Filter>src\solver</Filter>
    </ClCompile>
    <ClCompile Include="src\visual.cpp">
      <Filter>src</Filter>
    </ClCompile>
    <ClCompile Include="src\visualization\debug_renderer.cpp">
      <Filter>src\visualization</Filter>
    </ClCompile>
    <ClCompile Include="src\visualization\input_mesh_viewer.cpp">
      <Filter>src\visualization</Filter>
    </ClCompile>
    <ClCompile Include="src\visualization\render_backend.cpp">
      <Filter>src\visualization</Filter>
    </ClCompile>
    <ClCompile Include="src\visualization\visualization.cpp">
      <Filter>src\visualization</Filter>
    </ClCompile>
    <ClCompile Include="stdafx.cpp" />
  </ItemGroup>
</Project>